{
  "version": 4,
  "terraform_version": "1.5.7",
  "serial": 33,
  "lineage": "66265b58-b4f2-73ea-3c4a-9b007932050d",
  "outputs": {
    "db_system_id": {
      "value": "ocid1.dbsystem.oc1.ca-toronto-1.an2g6ljriahckcyarxil3crzyruo7ls4tbbkk4sa52qesm76ce3a62wdurxa",
      "type": "string"
    },
    "db_system_name": {
      "value": "db-mun-yyz-01",
      "type": "string"
    },
    "home_region_key": {
      "value": "YYZ",
      "type": "string"
    },
    "instance_id": {
      "value": "ocid1.instance.oc1.ca-toronto-1.an2g6ljriahckcycwjet2qbaenx6xos6o4vzznwbjkfwzcb3scf7nrfcefdq",
      "type": "string"
    },
    "instance_private_ip": {
      "value": "172.16.45.96",
      "type": "string"
    },
    "instance_public_ip": {
      "value": "",
      "type": "string"
    },
    "security_list_id": {
      "value": "ocid1.securitylist.oc1.ca-toronto-1.aaaaaaaawufy6llghzs5l33gjmqne46jrn5ucoy47fv5mm2jrtn6ehwe2k3a",
      "type": "string"
    },
    "service_gateway_all_attributes": {
      "value": {
        "0": {
          "block_traffic": false,
          "compartment_id": "ocid1.compartment.oc1..aaaaaaaaywbwwduk7ftpkl7fkise5hojmdheoh5jozjflwbj4zdcofrgqgga",
          "defined_tags": {
            "Oracle-Tags.CreatedBy": "default/rajesh.madhavarao@eclipsys.ca",
            "Oracle-Tags.CreatedOn": "2025-10-14T21:40:54.713Z"
          },
          "display_name": "service-gateway",
          "freeform_tags": {
            "module": "oracle-terraform-modules/vcn/oci",
            "terraformed": "Please do not edit manually"
          },
          "id": "ocid1.servicegateway.oc1.ca-toronto-1.aaaaaaaatrmirygxctwfakejupqmwjv42rkkfdtysefnovussenwkyeoh6eq",
          "route_table_id": null,
          "services": [
            {
              "service_id": "ocid1.service.oc1.ca-toronto-1.aaaaaaaaxwhdaheitj3qvugait3k4cqnqt6d76dlhxl3nv3dof6abuu4xhga",
              "service_name": "All YYZ Services In Oracle Services Network"
            }
          ],
          "state": "AVAILABLE",
          "time_created": "2025-10-14 21:40:57.637 +0000 UTC",
          "timeouts": null,
          "vcn_id": "ocid1.vcn.oc1.ca-toronto-1.amaaaaaaiahckcya3hbygfs6a3ace6bhjvquhqh7h6vtxzllhm4wwu3fry5a"
        }
      },
      "type": [
        "object",
        {
          "0": [
            "object",
            {
              "block_traffic": "bool",
              "compartment_id": "string",
              "defined_tags": [
                "map",
                "string"
              ],
              "display_name": "string",
              "freeform_tags": [
                "map",
                "string"
              ],
              "id": "string",
              "route_table_id": "string",
              "services": [
                "set",
                [
                  "object",
                  {
                    "service_id": "string",
                    "service_name": "string"
                  }
                ]
              ],
              "state": "string",
              "time_created": "string",
              "timeouts": [
                "object",
                {
                  "create": "string",
                  "delete": "string",
                  "update": "string"
                }
              ],
              "vcn_id": "string"
            }
          ]
        }
      ]
    },
    "service_gateway_id": {
      "value": "ocid1.servicegateway.oc1.ca-toronto-1.aaaaaaaatrmirygxctwfakejupqmwjv42rkkfdtysefnovussenwkyeoh6eq",
      "type": "string"
    }
  },
  "resources": [
    {
      "mode": "data",
      "type": "oci_core_images",
      "name": "all_windows_images",
      "provider": "provider[\"registry.terraform.io/hashicorp/oci\"]",
      "instances": [
        {
          "schema_version": 0,
          "attributes": {
            "compartment_id": "ocid1.compartment.oc1..aaaaaaaatvgwoxshgt5d4vtbpinzghbcf6jmczes6qjsf5xgrjbzauwyut6a",
            "display_name": null,
            "filter": null,
            "id": "CoreImagesDataSource-2847079647",
            "images": [
              {
                "agent_features": [],
                "base_image_id": "",
                "billable_size_in_gbs": "16",
                "compartment_id": "",
                "create_image_allowed": true,
                "defined_tags": {},
                "display_name": "Windows-Server-2019-Datacenter-Edition-BM-X9-2025.09.10-0",
                "freeform_tags": {},
                "id": "ocid1.image.oc1.ca-toronto-1.aaaaaaaa6gltptfna4bvofai5bqht5tz64x47m2bxptcogq2ms5iiizmzuva",
                "image_source_details": [],
                "instance_id": "",
                "launch_mode": "PARAVIRTUALIZED",
                "launch_options": [
                  {
                    "boot_volume_type": "PARAVIRTUALIZED",
                    "firmware": "UEFI_64",
                    "is_consistent_volume_naming_enabled": false,
                    "is_pv_encryption_in_transit_enabled": true,
                    "network_type": "VFIO",
                    "remote_data_volume_type": "PARAVIRTUALIZED"
                  }
                ],
                "listing_type": "",
                "operating_system": "Windows",
                "operating_system_version": "Server 2019 Datacenter",
                "size_in_mbs": "48128",
                "state": "AVAILABLE",
                "time_created": "2025-09-12 17:58:14.219 +0000 UTC"
              },
              {
                "agent_features": [],
                "base_image_id": "",
                "billable_size_in_gbs": "22",
                "compartment_id": "",
                "create_image_allowed": true,
                "defined_tags": {},
                "display_name": "Windows-Server-2025-Datacenter-Edition-BM-E6-2025.09.09-0",
                "freeform_tags": {},
                "id": "ocid1.image.oc1.ca-toronto-1.aaaaaaaaj2hpnsokl3df63mq5u7hjkd5ermgc2264sv6oxcsfwo4eethhdxq",
                "image_source_details": [],
                "instance_id": "",
                "launch_mode": "PARAVIRTUALIZED",
                "launch_options": [
                  {
                    "boot_volume_type": "PARAVIRTUALIZED",
                    "firmware": "UEFI_64",
                    "is_consistent_volume_naming_enabled": false,
                    "is_pv_encryption_in_transit_enabled": true,
                    "network_type": "VFIO",
                    "remote_data_volume_type": "PARAVIRTUALIZED"
                  }
                ],
                "listing_type": "",
                "operating_system": "Windows",
                "operating_system_version": "Server 2025 Datacenter",
                "size_in_mbs": "48128",
                "state": "AVAILABLE",
                "time_created": "2025-09-12 17:20:12.072 +0000 UTC"
              },
              {
                "agent_features": [],
                "base_image_id": "",
                "billable_size_in_gbs": "19",
                "compartment_id": "",
                "create_image_allowed": true,
                "defined_tags": {},
                "display_name": "Windows-Server-2016-Datacenter-Edition-BM-X9-2025.09.10-0",
                "freeform_tags": {},
                "id": "ocid1.image.oc1.ca-toronto-1.aaaaaaaawdpyjva4h6df3w5idd635e6dlarpyb7y2k5n3p2726ldbjtgqqia",
                "image_source_details": [],
                "instance_id": "",
                "launch_mode": "PARAVIRTUALIZED",
                "launch_options": [
                  {
                    "boot_volume_type": "PARAVIRTUALIZED",
                    "firmware": "UEFI_64",
                    "is_consistent_volume_naming_enabled": false,
                    "is_pv_encryption_in_transit_enabled": true,
                    "network_type": "VFIO",
                    "remote_data_volume_type": "PARAVIRTUALIZED"
                  }
                ],
                "listing_type": "",
                "operating_system": "Windows",
                "operating_system_version": "Server 2016 Datacenter",
                "size_in_mbs": "48128",
                "state": "AVAILABLE",
                "time_created": "2025-09-12 17:19:57.184 +0000 UTC"
              },
              {
                "agent_features": [],
                "base_image_id": "",
                "billable_size_in_gbs": "17",
                "compartment_id": "",
                "create_image_allowed": true,
                "defined_tags": {},
                "display_name": "Windows-Server-2019-Datacenter-Edition-BM-E5-2025.09.11-0",
                "freeform_tags": {},
                "id": "ocid1.image.oc1.ca-toronto-1.aaaaaaaajclhabouhw4gitxa4ksx5ap3i2vtl5bwadn4oh3qzk3phl6u4nca",
                "image_source_details": [],
                "instance_id": "",
                "launch_mode": "PARAVIRTUALIZED",
                "launch_options": [
                  {
                    "boot_volume_type": "PARAVIRTUALIZED",
                    "firmware": "UEFI_64",
                    "is_consistent_volume_naming_enabled": false,
                    "is_pv_encryption_in_transit_enabled": true,
                    "network_type": "VFIO",
                    "remote_data_volume_type": "PARAVIRTUALIZED"
                  }
                ],
                "listing_type": "",
                "operating_system": "Windows",
                "operating_system_version": "Server 2019 Datacenter",
                "size_in_mbs": "48128",
                "state": "AVAILABLE",
                "time_created": "2025-09-12 17:17:17.613 +0000 UTC"
              },
              {
                "agent_features": [],
                "base_image_id": "",
                "billable_size_in_gbs": "19",
                "compartment_id": "",
                "create_image_allowed": true,
                "defined_tags": {},
                "display_name": "Windows-Server-2016-Datacenter-Edition-BM-Gen2-DenseIO-2025.09.10-0",
                "freeform_tags": {},
                "id": "ocid1.image.oc1.ca-toronto-1.aaaaaaaajvmk6lwcihfusetbo6o4zus3wpaf6wkkthb5qtwhjn4clxffoasq",
                "image_source_details": [],
                "instance_id": "",
                "launch_mode": "CUSTOM",
                "launch_options": [
                  {
                    "boot_volume_type": "PARAVIRTUALIZED",
                    "firmware": "UEFI_64",
                    "is_consistent_volume_naming_enabled": false,
                    "is_pv_encryption_in_transit_enabled": true,
                    "network_type": "VFIO",
                    "remote_data_volume_type": "PARAVIRTUALIZED"
                  }
                ],
                "listing_type": "",
                "operating_system": "Windows",
                "operating_system_version": "Server 2016 Datacenter",
                "size_in_mbs": "48128",
                "state": "AVAILABLE",
                "time_created": "2025-09-12 17:17:00.377 +0000 UTC"
              },
              {
                "agent_features": [],
                "base_image_id": "",
                "billable_size_in_gbs": "17",
                "compartment_id": "",
                "create_image_allowed": true,
                "defined_tags": {},
                "display_name": "Windows-Server-2019-Datacenter-Edition-BM-E4-2025.09.10-0",
                "freeform_tags": {},
                "id": "ocid1.image.oc1.ca-toronto-1.aaaaaaaagrtxuprgelpilxcte7z2l35s7xdxyx5mxxcmrunhc4u7tjn7mxwq",
                "image_source_details": [],
                "instance_id": "",
                "launch_mode": "PARAVIRTUALIZED",
                "launch_options": [
                  {
                    "boot_volume_type": "PARAVIRTUALIZED",
                    "firmware": "UEFI_64",
                    "is_consistent_volume_naming_enabled": false,
                    "is_pv_encryption_in_transit_enabled": true,
                    "network_type": "VFIO",
                    "remote_data_volume_type": "PARAVIRTUALIZED"
                  }
                ],
                "listing_type": "",
                "operating_system": "Windows",
                "operating_system_version": "Server 2019 Datacenter",
                "size_in_mbs": "48128",
                "state": "AVAILABLE",
                "time_created": "2025-09-12 17:15:25.89 +0000 UTC"
              },
              {
                "agent_features": [],
                "base_image_id": "",
                "billable_size_in_gbs": "17",
                "compartment_id": "",
                "create_image_allowed": true,
                "defined_tags": {},
                "display_name": "Windows-Server-2022-Datacenter-Edition-BM-GPU-2025.09.10-0",
                "freeform_tags": {},
                "id": "ocid1.image.oc1.ca-toronto-1.aaaaaaaaffim5ndl33s4ojvultavpvxyx2leyrcnvud6bl5r5c2wx35eovqq",
                "image_source_details": [],
                "instance_id": "",
                "launch_mode": "PARAVIRTUALIZED",
                "launch_options": [
                  {
                    "boot_volume_type": "PARAVIRTUALIZED",
                    "firmware": "UEFI_64",
                    "is_consistent_volume_naming_enabled": false,
                    "is_pv_encryption_in_transit_enabled": true,
                    "network_type": "VFIO",
                    "remote_data_volume_type": "PARAVIRTUALIZED"
                  }
                ],
                "listing_type": "",
                "operating_system": "Windows",
                "operating_system_version": "Server 2022 Datacenter",
                "size_in_mbs": "48128",
                "state": "AVAILABLE",
                "time_created": "2025-09-12 17:11:54.292 +0000 UTC"
              },
              {
                "agent_features": [],
                "base_image_id": "",
                "billable_size_in_gbs": "17",
                "compartment_id": "",
                "create_image_allowed": true,
                "defined_tags": {},
                "display_name": "Windows-Server-2022-Datacenter-Edition-BM-E4-2025.09.10-0",
                "freeform_tags": {},
                "id": "ocid1.image.oc1.ca-toronto-1.aaaaaaaak2yp3wjy2ucqw3ztqufs5here6coleoknfltyghzvsd56agvkxiq",
                "image_source_details": [],
                "instance_id": "",
                "launch_mode": "PARAVIRTUALIZED",
                "launch_options": [
                  {
                    "boot_volume_type": "PARAVIRTUALIZED",
                    "firmware": "UEFI_64",
                    "is_consistent_volume_naming_enabled": false,
                    "is_pv_encryption_in_transit_enabled": true,
                    "network_type": "VFIO",
                    "remote_data_volume_type": "PARAVIRTUALIZED"
                  }
                ],
                "listing_type": "",
                "operating_system": "Windows",
                "operating_system_version": "Server 2022 Datacenter",
                "size_in_mbs": "48128",
                "state": "AVAILABLE",
                "time_created": "2025-09-12 17:11:41.248 +0000 UTC"
              },
              {
                "agent_features": [],
                "base_image_id": "",
                "billable_size_in_gbs": "16",
                "compartment_id": "",
                "create_image_allowed": true,
                "defined_tags": {},
                "display_name": "Windows-Server-2019-Datacenter-Edition-BM-E3-2025.09.10-0",
                "freeform_tags": {},
                "id": "ocid1.image.oc1.ca-toronto-1.aaaaaaaamm24i7jppwlbe4l267pzp63vlosjyp24undhuo5wx26sfqyvtvjq",
                "image_source_details": [],
                "instance_id": "",
                "launch_mode": "PARAVIRTUALIZED",
                "launch_options": [
                  {
                    "boot_volume_type": "PARAVIRTUALIZED",
                    "firmware": "UEFI_64",
                    "is_consistent_volume_naming_enabled": false,
                    "is_pv_encryption_in_transit_enabled": true,
                    "network_type": "VFIO",
                    "remote_data_volume_type": "PARAVIRTUALIZED"
                  }
                ],
                "listing_type": "",
                "operating_system": "Windows",
                "operating_system_version": "Server 2019 Datacenter",
                "size_in_mbs": "48128",
                "state": "AVAILABLE",
                "time_created": "2025-09-12 17:10:22.463 +0000 UTC"
              },
              {
                "agent_features": [],
                "base_image_id": "",
                "billable_size_in_gbs": "19",
                "compartment_id": "",
                "create_image_allowed": true,
                "defined_tags": {},
                "display_name": "Windows-Server-2016-Datacenter-Edition-BM-Gen2-2025.09.10-0",
                "freeform_tags": {},
                "id": "ocid1.image.oc1.ca-toronto-1.aaaaaaaauxqei2ucmq5fmjvr3x7s344h535o64g6mrxoeqt2pxx5uzezwzpq",
                "image_source_details": [],
                "instance_id": "",
                "launch_mode": "CUSTOM",
                "launch_options": [
                  {
                    "boot_volume_type": "PARAVIRTUALIZED",
                    "firmware": "UEFI_64",
                    "is_consistent_volume_naming_enabled": false,
                    "is_pv_encryption_in_transit_enabled": true,
                    "network_type": "VFIO",
                    "remote_data_volume_type": "PARAVIRTUALIZED"
                  }
                ],
                "listing_type": "",
                "operating_system": "Windows",
                "operating_system_version": "Server 2016 Datacenter",
                "size_in_mbs": "48128",
                "state": "AVAILABLE",
                "time_created": "2025-09-12 17:08:04.974 +0000 UTC"
              },
              {
                "agent_features": [],
                "base_image_id": "",
                "billable_size_in_gbs": "18",
                "compartment_id": "",
                "create_image_allowed": true,
                "defined_tags": {},
                "display_name": "Windows-Server-2022-Datacenter-Edition-BM-E5-2025.09.11-0",
                "freeform_tags": {},
                "id": "ocid1.image.oc1.ca-toronto-1.aaaaaaaasy2ct3dx73paaq5twgx6mgqugf26aonlhlc74pi76q3vyf4zwerq",
                "image_source_details": [],
                "instance_id": "",
                "launch_mode": "PARAVIRTUALIZED",
                "launch_options": [
                  {
                    "boot_volume_type": "PARAVIRTUALIZED",
                    "firmware": "UEFI_64",
                    "is_consistent_volume_naming_enabled": false,
                    "is_pv_encryption_in_transit_enabled": true,
                    "network_type": "VFIO",
                    "remote_data_volume_type": "PARAVIRTUALIZED"
                  }
                ],
                "listing_type": "",
                "operating_system": "Windows",
                "operating_system_version": "Server 2022 Datacenter",
                "size_in_mbs": "48128",
                "state": "AVAILABLE",
                "time_created": "2025-09-12 17:06:58.924 +0000 UTC"
              },
              {
                "agent_features": [],
                "base_image_id": "",
                "billable_size_in_gbs": "16",
                "compartment_id": "",
                "create_image_allowed": true,
                "defined_tags": {},
                "display_name": "Windows-Server-2019-Datacenter-Edition-BM-GPU-2025.09.10-0",
                "freeform_tags": {},
                "id": "ocid1.image.oc1.ca-toronto-1.aaaaaaaaroob7hbykf4n56n2h72vzpul4sajlxssgfqhig4dsvl6mif55wna",
                "image_source_details": [],
                "instance_id": "",
                "launch_mode": "PARAVIRTUALIZED",
                "launch_options": [
                  {
                    "boot_volume_type": "PARAVIRTUALIZED",
                    "firmware": "UEFI_64",
                    "is_consistent_volume_naming_enabled": false,
                    "is_pv_encryption_in_transit_enabled": true,
                    "network_type": "VFIO",
                    "remote_data_volume_type": "PARAVIRTUALIZED"
                  }
                ],
                "listing_type": "",
                "operating_system": "Windows",
                "operating_system_version": "Server 2019 Datacenter",
                "size_in_mbs": "48128",
                "state": "AVAILABLE",
                "time_created": "2025-09-12 17:06:38.744 +0000 UTC"
              },
              {
                "agent_features": [],
                "base_image_id": "",
                "billable_size_in_gbs": "17",
                "compartment_id": "",
                "create_image_allowed": true,
                "defined_tags": {},
                "display_name": "Windows-Server-2022-Datacenter-Edition-BM-X9-2025.09.10-0",
                "freeform_tags": {},
                "id": "ocid1.image.oc1.ca-toronto-1.aaaaaaaatuhuyrfmof4ez23tvlwwtgoq5sgtafo7mqqt63mtoknucpnyi2ua",
                "image_source_details": [],
                "instance_id": "",
                "launch_mode": "PARAVIRTUALIZED",
                "launch_options": [
                  {
                    "boot_volume_type": "PARAVIRTUALIZED",
                    "firmware": "UEFI_64",
                    "is_consistent_volume_naming_enabled": false,
                    "is_pv_encryption_in_transit_enabled": true,
                    "network_type": "VFIO",
                    "remote_data_volume_type": "PARAVIRTUALIZED"
                  }
                ],
                "listing_type": "",
                "operating_system": "Windows",
                "operating_system_version": "Server 2022 Datacenter",
                "size_in_mbs": "48128",
                "state": "AVAILABLE",
                "time_created": "2025-09-12 17:06:36.656 +0000 UTC"
              },
              {
                "agent_features": [],
                "base_image_id": "",
                "billable_size_in_gbs": "19",
                "compartment_id": "",
                "create_image_allowed": true,
                "defined_tags": {},
                "display_name": "Windows-Server-2016-Datacenter-Edition-BM-Gen2-E2-2025.09.10-0",
                "freeform_tags": {},
                "id": "ocid1.image.oc1.ca-toronto-1.aaaaaaaatfcrths2oxa5x3rmgwrbyu7vgstiiucm52wv2l5qfbsinmp4ehmq",
                "image_source_details": [],
                "instance_id": "",
                "launch_mode": "CUSTOM",
                "launch_options": [
                  {
                    "boot_volume_type": "PARAVIRTUALIZED",
                    "firmware": "UEFI_64",
                    "is_consistent_volume_naming_enabled": false,
                    "is_pv_encryption_in_transit_enabled": true,
                    "network_type": "VFIO",
                    "remote_data_volume_type": "PARAVIRTUALIZED"
                  }
                ],
                "listing_type": "",
                "operating_system": "Windows",
                "operating_system_version": "Server 2016 Datacenter",
                "size_in_mbs": "48128",
                "state": "AVAILABLE",
                "time_created": "2025-09-12 17:06:31.142 +0000 UTC"
              },
              {
                "agent_features": [],
                "base_image_id": "",
                "billable_size_in_gbs": "16",
                "compartment_id": "",
                "create_image_allowed": true,
                "defined_tags": {},
                "display_name": "Windows-Server-2019-Datacenter-Edition-BM-E6-2025.09.10-0",
                "freeform_tags": {},
                "id": "ocid1.image.oc1.ca-toronto-1.aaaaaaaalkhpng52wtt3sf2lztlwy6jawr7jozevvlelqpgvycawym5nirxa",
                "image_source_details": [],
                "instance_id": "",
                "launch_mode": "PARAVIRTUALIZED",
                "launch_options": [
                  {
                    "boot_volume_type": "PARAVIRTUALIZED",
                    "firmware": "UEFI_64",
                    "is_consistent_volume_naming_enabled": false,
                    "is_pv_encryption_in_transit_enabled": true,
                    "network_type": "VFIO",
                    "remote_data_volume_type": "PARAVIRTUALIZED"
                  }
                ],
                "listing_type": "",
                "operating_system": "Windows",
                "operating_system_version": "Server 2019 Datacenter",
                "size_in_mbs": "48128",
                "state": "AVAILABLE",
                "time_created": "2025-09-12 17:06:30.863 +0000 UTC"
              },
              {
                "agent_features": [],
                "base_image_id": "",
                "billable_size_in_gbs": "17",
                "compartment_id": "",
                "create_image_allowed": true,
                "defined_tags": {},
                "display_name": "Windows-Server-2022-Datacenter-Edition-BM-E6-2025.09.10-0",
                "freeform_tags": {},
                "id": "ocid1.image.oc1.ca-toronto-1.aaaaaaaabicvjv3wj6fve2lgdoma7vuiqccfey74gcgm2qplvowus56jko5q",
                "image_source_details": [],
                "instance_id": "",
                "launch_mode": "PARAVIRTUALIZED",
                "launch_options": [
                  {
                    "boot_volume_type": "PARAVIRTUALIZED",
                    "firmware": "UEFI_64",
                    "is_consistent_volume_naming_enabled": false,
                    "is_pv_encryption_in_transit_enabled": true,
                    "network_type": "VFIO",
                    "remote_data_volume_type": "PARAVIRTUALIZED"
                  }
                ],
                "listing_type": "",
                "operating_system": "Windows",
                "operating_system_version": "Server 2022 Datacenter",
                "size_in_mbs": "48128",
                "state": "AVAILABLE",
                "time_created": "2025-09-12 17:03:17.803 +0000 UTC"
              },
              {
                "agent_features": [],
                "base_image_id": "",
                "billable_size_in_gbs": "16",
                "compartment_id": "",
                "create_image_allowed": true,
                "defined_tags": {},
                "display_name": "Windows-Server-2019-Datacenter-Edition-BM-E4-DenseIO-2025.09.10-0",
                "freeform_tags": {},
                "id": "ocid1.image.oc1.ca-toronto-1.aaaaaaaajpv5aav75i2pdp2yb3zvv446c4awt4f24oekhcfcybsom3ocmh2q",
                "image_source_details": [],
                "instance_id": "",
                "launch_mode": "PARAVIRTUALIZED",
                "launch_options": [
                  {
                    "boot_volume_type": "PARAVIRTUALIZED",
                    "firmware": "UEFI_64",
                    "is_consistent_volume_naming_enabled": false,
                    "is_pv_encryption_in_transit_enabled": true,
                    "network_type": "VFIO",
                    "remote_data_volume_type": "PARAVIRTUALIZED"
                  }
                ],
                "listing_type": "",
                "operating_system": "Windows",
                "operating_system_version": "Server 2019 Datacenter",
                "size_in_mbs": "48128",
                "state": "AVAILABLE",
                "time_created": "2025-09-12 17:00:11.438 +0000 UTC"
              },
              {
                "agent_features": [],
                "base_image_id": "",
                "billable_size_in_gbs": "17",
                "compartment_id": "",
                "create_image_allowed": true,
                "defined_tags": {},
                "display_name": "Windows-Server-2022-Datacenter-Edition-BM-E4-DenseIO-2025.09.10-0",
                "freeform_tags": {},
                "id": "ocid1.image.oc1.ca-toronto-1.aaaaaaaa3tdnda5y4mrtfdtmphc2bg7sbihb2qydyv7wjp5foa5vwz64tisa",
                "image_source_details": [],
                "instance_id": "",
                "launch_mode": "PARAVIRTUALIZED",
                "launch_options": [
                  {
                    "boot_volume_type": "PARAVIRTUALIZED",
                    "firmware": "UEFI_64",
                    "is_consistent_volume_naming_enabled": false,
                    "is_pv_encryption_in_transit_enabled": true,
                    "network_type": "VFIO",
                    "remote_data_volume_type": "PARAVIRTUALIZED"
                  }
                ],
                "listing_type": "",
                "operating_system": "Windows",
                "operating_system_version": "Server 2022 Datacenter",
                "size_in_mbs": "48128",
                "state": "AVAILABLE",
                "time_created": "2025-09-12 16:55:02.432 +0000 UTC"
              },
              {
                "agent_features": [],
                "base_image_id": "",
                "billable_size_in_gbs": "17",
                "compartment_id": "",
                "create_image_allowed": true,
                "defined_tags": {},
                "display_name": "Windows-Server-2022-Datacenter-Edition-BM-E3-2025.09.10-0",
                "freeform_tags": {},
                "id": "ocid1.image.oc1.ca-toronto-1.aaaaaaaaaxsflnkzob45vz3cj3w7wtzvaoaxeeyzl473thfk6syffkyzayfa",
                "image_source_details": [],
                "instance_id": "",
                "launch_mode": "PARAVIRTUALIZED",
                "launch_options": [
                  {
                    "boot_volume_type": "PARAVIRTUALIZED",
                    "firmware": "UEFI_64",
                    "is_consistent_volume_naming_enabled": false,
                    "is_pv_encryption_in_transit_enabled": true,
                    "network_type": "VFIO",
                    "remote_data_volume_type": "PARAVIRTUALIZED"
                  }
                ],
                "listing_type": "",
                "operating_system": "Windows",
                "operating_system_version": "Server 2022 Datacenter",
                "size_in_mbs": "48128",
                "state": "AVAILABLE",
                "time_created": "2025-09-12 16:53:00.404 +0000 UTC"
              },
              {
                "agent_features": [],
                "base_image_id": "",
                "billable_size_in_gbs": "13",
                "compartment_id": "",
                "create_image_allowed": true,
                "defined_tags": {},
                "display_name": "Windows-Server-2025-Standard-Core-VM-2025.09.09-0",
                "freeform_tags": {},
                "id": "ocid1.image.oc1.ca-toronto-1.aaaaaaaaaljs3dtdnzcpamruz5b5c7uure4rfxe7mduauxpwbqdpqfrkxvia",
                "image_source_details": [],
                "instance_id": "",
                "launch_mode": "CUSTOM",
                "launch_options": [
                  {
                    "boot_volume_type": "PARAVIRTUALIZED",
                    "firmware": "UEFI_64",
                    "is_consistent_volume_naming_enabled": false,
                    "is_pv_encryption_in_transit_enabled": true,
                    "network_type": "PARAVIRTUALIZED",
                    "remote_data_volume_type": "PARAVIRTUALIZED"
                  }
                ],
                "listing_type": "",
                "operating_system": "Windows",
                "operating_system_version": "Server 2025 Standard Core",
                "size_in_mbs": "48128",
                "state": "AVAILABLE",
                "time_created": "2025-09-12 10:25:21.594 +0000 UTC"
              },
              {
                "agent_features": [],
                "base_image_id": "",
                "billable_size_in_gbs": "22",
                "compartment_id": "",
                "create_image_allowed": true,
                "defined_tags": {},
                "display_name": "Windows-Server-2025-Standard-Edition-VM-2025.09.09-0",
                "freeform_tags": {},
                "id": "ocid1.image.oc1.ca-toronto-1.aaaaaaaagvzj5qsjksmfpjy4k4jygrm2vxcnf7hdrbvbpqkr7briflp6mxkq",
                "image_source_details": [],
                "instance_id": "",
                "launch_mode": "CUSTOM",
                "launch_options": [
                  {
                    "boot_volume_type": "PARAVIRTUALIZED",
                    "firmware": "UEFI_64",
                    "is_consistent_volume_naming_enabled": false,
                    "is_pv_encryption_in_transit_enabled": true,
                    "network_type": "PARAVIRTUALIZED",
                    "remote_data_volume_type": "PARAVIRTUALIZED"
                  }
                ],
                "listing_type": "",
                "operating_system": "Windows",
                "operating_system_version": "Server 2025 Standard",
                "size_in_mbs": "48128",
                "state": "AVAILABLE",
                "time_created": "2025-09-12 10:25:14.223 +0000 UTC"
              },
              {
                "agent_features": [],
                "base_image_id": "",
                "billable_size_in_gbs": "17",
                "compartment_id": "",
                "create_image_allowed": true,
                "defined_tags": {},
                "display_name": "Windows-Server-2022-Standard-Edition-VM-2025.09.10-0",
                "freeform_tags": {},
                "id": "ocid1.image.oc1.ca-toronto-1.aaaaaaaakgyo4phgfdi6efvcwrsfkhneaydlqhmr4dk66v26c4rf3ls6r3ca",
                "image_source_details": [],
                "instance_id": "",
                "launch_mode": "CUSTOM",
                "launch_options": [
                  {
                    "boot_volume_type": "PARAVIRTUALIZED",
                    "firmware": "UEFI_64",
                    "is_consistent_volume_naming_enabled": false,
                    "is_pv_encryption_in_transit_enabled": true,
                    "network_type": "PARAVIRTUALIZED",
                    "remote_data_volume_type": "PARAVIRTUALIZED"
                  }
                ],
                "listing_type": "",
                "operating_system": "Windows",
                "operating_system_version": "Server 2022 Standard",
                "size_in_mbs": "48128",
                "state": "AVAILABLE",
                "time_created": "2025-09-12 10:21:34.62 +0000 UTC"
              },
              {
                "agent_features": [],
                "base_image_id": "",
                "billable_size_in_gbs": "16",
                "compartment_id": "",
                "create_image_allowed": true,
                "defined_tags": {},
                "display_name": "Windows-Server-2019-Standard-Edition-VM-Gen2-2025.09.10-0",
                "freeform_tags": {},
                "id": "ocid1.image.oc1.ca-toronto-1.aaaaaaaawb4bn73padwer7xvirpw2d3ao3unbgzdjan75ugp7ammoyeq3ena",
                "image_source_details": [],
                "instance_id": "",
                "launch_mode": "CUSTOM",
                "launch_options": [
                  {
                    "boot_volume_type": "PARAVIRTUALIZED",
                    "firmware": "UEFI_64",
                    "is_consistent_volume_naming_enabled": false,
                    "is_pv_encryption_in_transit_enabled": true,
                    "network_type": "PARAVIRTUALIZED",
                    "remote_data_volume_type": "PARAVIRTUALIZED"
                  }
                ],
                "listing_type": "",
                "operating_system": "Windows",
                "operating_system_version": "Server 2019 Standard",
                "size_in_mbs": "48128",
                "state": "AVAILABLE",
                "time_created": "2025-09-12 10:20:37.748 +0000 UTC"
              },
              {
                "agent_features": [],
                "base_image_id": "",
                "billable_size_in_gbs": "19",
                "compartment_id": "",
                "create_image_allowed": true,
                "defined_tags": {},
                "display_name": "Windows-Server-2016-Standard-Edition-VM-2025.09.10-0",
                "freeform_tags": {},
                "id": "ocid1.image.oc1.ca-toronto-1.aaaaaaaaj7udbgupwmudih7qeg565w3lhw2anvyjsovxavwi277fho42kwca",
                "image_source_details": [],
                "instance_id": "",
                "launch_mode": "CUSTOM",
                "launch_options": [
                  {
                    "boot_volume_type": "PARAVIRTUALIZED",
                    "firmware": "UEFI_64",
                    "is_consistent_volume_naming_enabled": false,
                    "is_pv_encryption_in_transit_enabled": true,
                    "network_type": "PARAVIRTUALIZED",
                    "remote_data_volume_type": "PARAVIRTUALIZED"
                  }
                ],
                "listing_type": "",
                "operating_system": "Windows",
                "operating_system_version": "Server 2016 Standard",
                "size_in_mbs": "48128",
                "state": "AVAILABLE",
                "time_created": "2025-09-12 10:20:24.151 +0000 UTC"
              },
              {
                "agent_features": [],
                "base_image_id": "",
                "billable_size_in_gbs": "12",
                "compartment_id": "",
                "create_image_allowed": true,
                "defined_tags": {},
                "display_name": "Windows-Server-2022-Standard-Core-VM-2025.09.10-0",
                "freeform_tags": {},
                "id": "ocid1.image.oc1.ca-toronto-1.aaaaaaaalymrms2olcvlujkycgpz2zkjt4bg52ujgzsstl3cf3voqscakneq",
                "image_source_details": [],
                "instance_id": "",
                "launch_mode": "CUSTOM",
                "launch_options": [
                  {
                    "boot_volume_type": "PARAVIRTUALIZED",
                    "firmware": "UEFI_64",
                    "is_consistent_volume_naming_enabled": false,
                    "is_pv_encryption_in_transit_enabled": true,
                    "network_type": "PARAVIRTUALIZED",
                    "remote_data_volume_type": "PARAVIRTUALIZED"
                  }
                ],
                "listing_type": "",
                "operating_system": "Windows",
                "operating_system_version": "Server 2022 Standard Core",
                "size_in_mbs": "48128",
                "state": "AVAILABLE",
                "time_created": "2025-09-12 10:19:42.436 +0000 UTC"
              },
              {
                "agent_features": [],
                "base_image_id": "",
                "billable_size_in_gbs": "16",
                "compartment_id": "",
                "create_image_allowed": true,
                "defined_tags": {},
                "display_name": "Windows-Server-2019-Standard-Edition-VM-2025.09.10-0",
                "freeform_tags": {},
                "id": "ocid1.image.oc1.ca-toronto-1.aaaaaaaaeeoctguxzo62fuvxdbqsmibieo32zdlxiybaagymmk5pam2zkgma",
                "image_source_details": [],
                "instance_id": "",
                "launch_mode": "CUSTOM",
                "launch_options": [
                  {
                    "boot_volume_type": "PARAVIRTUALIZED",
                    "firmware": "UEFI_64",
                    "is_consistent_volume_naming_enabled": false,
                    "is_pv_encryption_in_transit_enabled": true,
                    "network_type": "PARAVIRTUALIZED",
                    "remote_data_volume_type": "PARAVIRTUALIZED"
                  }
                ],
                "listing_type": "",
                "operating_system": "Windows",
                "operating_system_version": "Server 2019 Standard",
                "size_in_mbs": "48128",
                "state": "AVAILABLE",
                "time_created": "2025-09-12 10:19:39.791 +0000 UTC"
              },
              {
                "agent_features": [],
                "base_image_id": "",
                "billable_size_in_gbs": "17",
                "compartment_id": "",
                "create_image_allowed": true,
                "defined_tags": {},
                "display_name": "Windows-Server-2022-Standard-Edition-VM-PV-2025.09.10-0",
                "freeform_tags": {},
                "id": "ocid1.image.oc1.ca-toronto-1.aaaaaaaarik3bulzvesng5gf5yyazvzup4o7dbponqlhfql3k7lclzjhdi6a",
                "image_source_details": [],
                "instance_id": "",
                "launch_mode": "CUSTOM",
                "launch_options": [
                  {
                    "boot_volume_type": "PARAVIRTUALIZED",
                    "firmware": "UEFI_64",
                    "is_consistent_volume_naming_enabled": false,
                    "is_pv_encryption_in_transit_enabled": true,
                    "network_type": "PARAVIRTUALIZED",
                    "remote_data_volume_type": "PARAVIRTUALIZED"
                  }
                ],
                "listing_type": "",
                "operating_system": "Windows",
                "operating_system_version": "Server 2022 Standard",
                "size_in_mbs": "48128",
                "state": "AVAILABLE",
                "time_created": "2025-09-12 10:19:12.561 +0000 UTC"
              },
              {
                "agent_features": [],
                "base_image_id": "",
                "billable_size_in_gbs": "12",
                "compartment_id": "",
                "create_image_allowed": true,
                "defined_tags": {},
                "display_name": "Windows-Server-2019-Standard-Core-VM-2025.09.10-0",
                "freeform_tags": {},
                "id": "ocid1.image.oc1.ca-toronto-1.aaaaaaaanzilmrkfa6rjq3pma4m5epcp7mn4lwzgk63can6wgaq6srkqroxa",
                "image_source_details": [],
                "instance_id": "",
                "launch_mode": "CUSTOM",
                "launch_options": [
                  {
                    "boot_volume_type": "PARAVIRTUALIZED",
                    "firmware": "UEFI_64",
                    "is_consistent_volume_naming_enabled": false,
                    "is_pv_encryption_in_transit_enabled": true,
                    "network_type": "PARAVIRTUALIZED",
                    "remote_data_volume_type": "PARAVIRTUALIZED"
                  }
                ],
                "listing_type": "",
                "operating_system": "Windows",
                "operating_system_version": "Server 2019 Standard Core",
                "size_in_mbs": "48128",
                "state": "AVAILABLE",
                "time_created": "2025-09-12 10:19:06.542 +0000 UTC"
              },
              {
                "agent_features": [],
                "base_image_id": "",
                "billable_size_in_gbs": "13",
                "compartment_id": "",
                "create_image_allowed": true,
                "defined_tags": {},
                "display_name": "Windows-Server-2016-Standard-Core-VM-2025.09.10-0",
                "freeform_tags": {},
                "id": "ocid1.image.oc1.ca-toronto-1.aaaaaaaa56eflp7xklggk7w3jmgmqdk3rgua2tyypki3u7uwdda2xmsrbgoq",
                "image_source_details": [],
                "instance_id": "",
                "launch_mode": "CUSTOM",
                "launch_options": [
                  {
                    "boot_volume_type": "PARAVIRTUALIZED",
                    "firmware": "UEFI_64",
                    "is_consistent_volume_naming_enabled": false,
                    "is_pv_encryption_in_transit_enabled": true,
                    "network_type": "PARAVIRTUALIZED",
                    "remote_data_volume_type": "PARAVIRTUALIZED"
                  }
                ],
                "listing_type": "",
                "operating_system": "Windows",
                "operating_system_version": "Server 2016 Standard Core",
                "size_in_mbs": "48128",
                "state": "AVAILABLE",
                "time_created": "2025-09-12 10:17:45.821 +0000 UTC"
              },
              {
                "agent_features": [],
                "base_image_id": "",
                "billable_size_in_gbs": "17",
                "compartment_id": "",
                "create_image_allowed": true,
                "defined_tags": {},
                "display_name": "Windows-Server-2019-Datacenter-Edition-BM-E3-2025.08.13-0",
                "freeform_tags": {},
                "id": "ocid1.image.oc1.ca-toronto-1.aaaaaaaa2ny7hy3nv6dq5bkl3gvpltde4wrv55tvqrrzyo7iqekf5kdrftjq",
                "image_source_details": [],
                "instance_id": "",
                "launch_mode": "PARAVIRTUALIZED",
                "launch_options": [
                  {
                    "boot_volume_type": "PARAVIRTUALIZED",
                    "firmware": "UEFI_64",
                    "is_consistent_volume_naming_enabled": false,
                    "is_pv_encryption_in_transit_enabled": true,
                    "network_type": "VFIO",
                    "remote_data_volume_type": "PARAVIRTUALIZED"
                  }
                ],
                "listing_type": "",
                "operating_system": "Windows",
                "operating_system_version": "Server 2019 Datacenter",
                "size_in_mbs": "48128",
                "state": "AVAILABLE",
                "time_created": "2025-08-27 07:19:07.79 +0000 UTC"
              },
              {
                "agent_features": [],
                "base_image_id": "",
                "billable_size_in_gbs": "17",
                "compartment_id": "",
                "create_image_allowed": true,
                "defined_tags": {},
                "display_name": "Windows-Server-2022-Datacenter-Edition-BM-E4-2025.08.13-0",
                "freeform_tags": {},
                "id": "ocid1.image.oc1.ca-toronto-1.aaaaaaaagiz7hpfjmsqs4xigopw7zvxh2o7utansvhgykybnibnhhf7jwrqa",
                "image_source_details": [],
                "instance_id": "",
                "launch_mode": "PARAVIRTUALIZED",
                "launch_options": [
                  {
                    "boot_volume_type": "PARAVIRTUALIZED",
                    "firmware": "UEFI_64",
                    "is_consistent_volume_naming_enabled": false,
                    "is_pv_encryption_in_transit_enabled": true,
                    "network_type": "VFIO",
                    "remote_data_volume_type": "PARAVIRTUALIZED"
                  }
                ],
                "listing_type": "",
                "operating_system": "Windows",
                "operating_system_version": "Server 2022 Datacenter",
                "size_in_mbs": "48128",
                "state": "AVAILABLE",
                "time_created": "2025-08-27 02:34:34.797 +0000 UTC"
              },
              {
                "agent_features": [],
                "base_image_id": "",
                "billable_size_in_gbs": "19",
                "compartment_id": "",
                "create_image_allowed": true,
                "defined_tags": {},
                "display_name": "Windows-Server-2016-Datacenter-Edition-BM-Gen2-E2-2025.08.13-0",
                "freeform_tags": {},
                "id": "ocid1.image.oc1.ca-toronto-1.aaaaaaaafm2ectv24awfelvipo5gysyhkc737on2vq6pzrr64hao6kpiakmq",
                "image_source_details": [],
                "instance_id": "",
                "launch_mode": "CUSTOM",
                "launch_options": [
                  {
                    "boot_volume_type": "PARAVIRTUALIZED",
                    "firmware": "UEFI_64",
                    "is_consistent_volume_naming_enabled": false,
                    "is_pv_encryption_in_transit_enabled": true,
                    "network_type": "VFIO",
                    "remote_data_volume_type": "PARAVIRTUALIZED"
                  }
                ],
                "listing_type": "",
                "operating_system": "Windows",
                "operating_system_version": "Server 2016 Datacenter",
                "size_in_mbs": "48128",
                "state": "AVAILABLE",
                "time_created": "2025-08-27 02:34:14.09 +0000 UTC"
              },
              {
                "agent_features": [],
                "base_image_id": "",
                "billable_size_in_gbs": "17",
                "compartment_id": "",
                "create_image_allowed": true,
                "defined_tags": {},
                "display_name": "Windows-Server-2022-Datacenter-Edition-BM-E6-2025.08.13-0",
                "freeform_tags": {},
                "id": "ocid1.image.oc1.ca-toronto-1.aaaaaaaasa4aaotjufsipy5mxi43auj57zqzhm4yvrvadxc44epztv7xyacq",
                "image_source_details": [],
                "instance_id": "",
                "launch_mode": "PARAVIRTUALIZED",
                "launch_options": [
                  {
                    "boot_volume_type": "PARAVIRTUALIZED",
                    "firmware": "UEFI_64",
                    "is_consistent_volume_naming_enabled": false,
                    "is_pv_encryption_in_transit_enabled": true,
                    "network_type": "VFIO",
                    "remote_data_volume_type": "PARAVIRTUALIZED"
                  }
                ],
                "listing_type": "",
                "operating_system": "Windows",
                "operating_system_version": "Server 2022 Datacenter",
                "size_in_mbs": "48128",
                "state": "AVAILABLE",
                "time_created": "2025-08-27 02:34:06.203 +0000 UTC"
              },
              {
                "agent_features": [],
                "base_image_id": "",
                "billable_size_in_gbs": "17",
                "compartment_id": "",
                "create_image_allowed": true,
                "defined_tags": {},
                "display_name": "Windows-Server-2022-Datacenter-Edition-BM-GPU-2025.08.13-0",
                "freeform_tags": {},
                "id": "ocid1.image.oc1.ca-toronto-1.aaaaaaaaca3nko2357vhlxg2g3xs6qfi6z4or7qf664vpb7juture7xtrqgq",
                "image_source_details": [],
                "instance_id": "",
                "launch_mode": "PARAVIRTUALIZED",
                "launch_options": [
                  {
                    "boot_volume_type": "PARAVIRTUALIZED",
                    "firmware": "UEFI_64",
                    "is_consistent_volume_naming_enabled": false,
                    "is_pv_encryption_in_transit_enabled": true,
                    "network_type": "VFIO",
                    "remote_data_volume_type": "PARAVIRTUALIZED"
                  }
                ],
                "listing_type": "",
                "operating_system": "Windows",
                "operating_system_version": "Server 2022 Datacenter",
                "size_in_mbs": "48128",
                "state": "AVAILABLE",
                "time_created": "2025-08-27 02:33:54.769 +0000 UTC"
              },
              {
                "agent_features": [],
                "base_image_id": "",
                "billable_size_in_gbs": "16",
                "compartment_id": "",
                "create_image_allowed": true,
                "defined_tags": {},
                "display_name": "Windows-Server-2019-Datacenter-Edition-BM-E4-2025.08.13-0",
                "freeform_tags": {},
                "id": "ocid1.image.oc1.ca-toronto-1.aaaaaaaaiuhqy2iged2rdw6z2g5jinctsa2i7bzjlfyudqnhyqi6ydzefbzq",
                "image_source_details": [],
                "instance_id": "",
                "launch_mode": "PARAVIRTUALIZED",
                "launch_options": [
                  {
                    "boot_volume_type": "PARAVIRTUALIZED",
                    "firmware": "UEFI_64",
                    "is_consistent_volume_naming_enabled": false,
                    "is_pv_encryption_in_transit_enabled": true,
                    "network_type": "VFIO",
                    "remote_data_volume_type": "PARAVIRTUALIZED"
                  }
                ],
                "listing_type": "",
                "operating_system": "Windows",
                "operating_system_version": "Server 2019 Datacenter",
                "size_in_mbs": "48128",
                "state": "AVAILABLE",
                "time_created": "2025-08-27 02:33:53.744 +0000 UTC"
              },
              {
                "agent_features": [],
                "base_image_id": "",
                "billable_size_in_gbs": "17",
                "compartment_id": "",
                "create_image_allowed": true,
                "defined_tags": {},
                "display_name": "Windows-Server-2019-Datacenter-Edition-BM-E4-DenseIO-2025.08.13-0",
                "freeform_tags": {},
                "id": "ocid1.image.oc1.ca-toronto-1.aaaaaaaarqxdgxbn5dpme7rdkmleret2qlm26hnez6xiutu5dxcw4wsdvpvq",
                "image_source_details": [],
                "instance_id": "",
                "launch_mode": "PARAVIRTUALIZED",
                "launch_options": [
                  {
                    "boot_volume_type": "PARAVIRTUALIZED",
                    "firmware": "UEFI_64",
                    "is_consistent_volume_naming_enabled": false,
                    "is_pv_encryption_in_transit_enabled": true,
                    "network_type": "VFIO",
                    "remote_data_volume_type": "PARAVIRTUALIZED"
                  }
                ],
                "listing_type": "",
                "operating_system": "Windows",
                "operating_system_version": "Server 2019 Datacenter",
                "size_in_mbs": "48128",
                "state": "AVAILABLE",
                "time_created": "2025-08-27 02:33:51.847 +0000 UTC"
              },
              {
                "agent_features": [],
                "base_image_id": "",
                "billable_size_in_gbs": "19",
                "compartment_id": "",
                "create_image_allowed": true,
                "defined_tags": {},
                "display_name": "Windows-Server-2016-Datacenter-Edition-BM-Gen2-2025.08.13-0",
                "freeform_tags": {},
                "id": "ocid1.image.oc1.ca-toronto-1.aaaaaaaancm2p6qywc26uudpcnngujluwxnzyyufwp2aw5kh7echitsrz7vq",
                "image_source_details": [],
                "instance_id": "",
                "launch_mode": "CUSTOM",
                "launch_options": [
                  {
                    "boot_volume_type": "PARAVIRTUALIZED",
                    "firmware": "UEFI_64",
                    "is_consistent_volume_naming_enabled": false,
                    "is_pv_encryption_in_transit_enabled": true,
                    "network_type": "VFIO",
                    "remote_data_volume_type": "PARAVIRTUALIZED"
                  }
                ],
                "listing_type": "",
                "operating_system": "Windows",
                "operating_system_version": "Server 2016 Datacenter",
                "size_in_mbs": "48128",
                "state": "AVAILABLE",
                "time_created": "2025-08-27 02:33:34.539 +0000 UTC"
              },
              {
                "agent_features": [],
                "base_image_id": "",
                "billable_size_in_gbs": "18",
                "compartment_id": "",
                "create_image_allowed": true,
                "defined_tags": {},
                "display_name": "Windows-Server-2022-Datacenter-Edition-BM-E4-DenseIO-2025.08.13-0",
                "freeform_tags": {},
                "id": "ocid1.image.oc1.ca-toronto-1.aaaaaaaapklazbj5qyhjzvrjk4b4mrbcsgcolk3tflqik6qygipkeiw75vgq",
                "image_source_details": [],
                "instance_id": "",
                "launch_mode": "PARAVIRTUALIZED",
                "launch_options": [
                  {
                    "boot_volume_type": "PARAVIRTUALIZED",
                    "firmware": "UEFI_64",
                    "is_consistent_volume_naming_enabled": false,
                    "is_pv_encryption_in_transit_enabled": true,
                    "network_type": "VFIO",
                    "remote_data_volume_type": "PARAVIRTUALIZED"
                  }
                ],
                "listing_type": "",
                "operating_system": "Windows",
                "operating_system_version": "Server 2022 Datacenter",
                "size_in_mbs": "48128",
                "state": "AVAILABLE",
                "time_created": "2025-08-27 02:33:33.394 +0000 UTC"
              },
              {
                "agent_features": [],
                "base_image_id": "",
                "billable_size_in_gbs": "16",
                "compartment_id": "",
                "create_image_allowed": true,
                "defined_tags": {},
                "display_name": "Windows-Server-2019-Datacenter-Edition-BM-E6-2025.08.13-0",
                "freeform_tags": {},
                "id": "ocid1.image.oc1.ca-toronto-1.aaaaaaaajqvlmt7f3nklcmfnxsgqs4xhlv7nzso2dx7yjyrlbnkq3mcoku4a",
                "image_source_details": [],
                "instance_id": "",
                "launch_mode": "PARAVIRTUALIZED",
                "launch_options": [
                  {
                    "boot_volume_type": "PARAVIRTUALIZED",
                    "firmware": "UEFI_64",
                    "is_consistent_volume_naming_enabled": false,
                    "is_pv_encryption_in_transit_enabled": true,
                    "network_type": "VFIO",
                    "remote_data_volume_type": "PARAVIRTUALIZED"
                  }
                ],
                "listing_type": "",
                "operating_system": "Windows",
                "operating_system_version": "Server 2019 Datacenter",
                "size_in_mbs": "48128",
                "state": "AVAILABLE",
                "time_created": "2025-08-27 02:33:31.553 +0000 UTC"
              },
              {
                "agent_features": [],
                "base_image_id": "",
                "billable_size_in_gbs": "17",
                "compartment_id": "",
                "create_image_allowed": true,
                "defined_tags": {},
                "display_name": "Windows-Server-2022-Datacenter-Edition-BM-E3-2025.08.13-0",
                "freeform_tags": {},
                "id": "ocid1.image.oc1.ca-toronto-1.aaaaaaaablb6gxbipgqyexmnxyjbppkfilk7oarnssqzejh7q5mlxoasukua",
                "image_source_details": [],
                "instance_id": "",
                "launch_mode": "PARAVIRTUALIZED",
                "launch_options": [
                  {
                    "boot_volume_type": "PARAVIRTUALIZED",
                    "firmware": "UEFI_64",
                    "is_consistent_volume_naming_enabled": false,
                    "is_pv_encryption_in_transit_enabled": true,
                    "network_type": "VFIO",
                    "remote_data_volume_type": "PARAVIRTUALIZED"
                  }
                ],
                "listing_type": "",
                "operating_system": "Windows",
                "operating_system_version": "Server 2022 Datacenter",
                "size_in_mbs": "48128",
                "state": "AVAILABLE",
                "time_created": "2025-08-27 02:33:25.436 +0000 UTC"
              },
              {
                "agent_features": [],
                "base_image_id": "",
                "billable_size_in_gbs": "16",
                "compartment_id": "",
                "create_image_allowed": true,
                "defined_tags": {},
                "display_name": "Windows-Server-2019-Datacenter-Edition-BM-E5-2025.08.14-0",
                "freeform_tags": {},
                "id": "ocid1.image.oc1.ca-toronto-1.aaaaaaaafqkpgvo6ii52nx2gprmsaldig62k6kdw6lczhxsm774e3frvgu3a",
                "image_source_details": [],
                "instance_id": "",
                "launch_mode": "PARAVIRTUALIZED",
                "launch_options": [
                  {
                    "boot_volume_type": "PARAVIRTUALIZED",
                    "firmware": "UEFI_64",
                    "is_consistent_volume_naming_enabled": false,
                    "is_pv_encryption_in_transit_enabled": true,
                    "network_type": "VFIO",
                    "remote_data_volume_type": "PARAVIRTUALIZED"
                  }
                ],
                "listing_type": "",
                "operating_system": "Windows",
                "operating_system_version": "Server 2019 Datacenter",
                "size_in_mbs": "48128",
                "state": "AVAILABLE",
                "time_created": "2025-08-27 02:33:21.799 +0000 UTC"
              },
              {
                "agent_features": [],
                "base_image_id": "",
                "billable_size_in_gbs": "16",
                "compartment_id": "",
                "create_image_allowed": true,
                "defined_tags": {},
                "display_name": "Windows-Server-2019-Datacenter-Edition-BM-X9-2025.08.19-0",
                "freeform_tags": {},
                "id": "ocid1.image.oc1.ca-toronto-1.aaaaaaaaayk2yoitmbtjxyuvw2cpjpem6jigvajxeci67jpuaphdkup3yzha",
                "image_source_details": [],
                "instance_id": "",
                "launch_mode": "PARAVIRTUALIZED",
                "launch_options": [
                  {
                    "boot_volume_type": "PARAVIRTUALIZED",
                    "firmware": "UEFI_64",
                    "is_consistent_volume_naming_enabled": false,
                    "is_pv_encryption_in_transit_enabled": true,
                    "network_type": "VFIO",
                    "remote_data_volume_type": "PARAVIRTUALIZED"
                  }
                ],
                "listing_type": "",
                "operating_system": "Windows",
                "operating_system_version": "Server 2019 Datacenter",
                "size_in_mbs": "48128",
                "state": "AVAILABLE",
                "time_created": "2025-08-27 02:33:14.256 +0000 UTC"
              },
              {
                "agent_features": [],
                "base_image_id": "",
                "billable_size_in_gbs": "19",
                "compartment_id": "",
                "create_image_allowed": true,
                "defined_tags": {},
                "display_name": "Windows-Server-2016-Datacenter-Edition-BM-Gen2-DenseIO-2025.08.13-0",
                "freeform_tags": {},
                "id": "ocid1.image.oc1.ca-toronto-1.aaaaaaaahqc5l2oixh4gz2vvgvlqornynawlqdcc5hstsziek4hyxgs67foq",
                "image_source_details": [],
                "instance_id": "",
                "launch_mode": "CUSTOM",
                "launch_options": [
                  {
                    "boot_volume_type": "PARAVIRTUALIZED",
                    "firmware": "UEFI_64",
                    "is_consistent_volume_naming_enabled": false,
                    "is_pv_encryption_in_transit_enabled": true,
                    "network_type": "VFIO",
                    "remote_data_volume_type": "PARAVIRTUALIZED"
                  }
                ],
                "listing_type": "",
                "operating_system": "Windows",
                "operating_system_version": "Server 2016 Datacenter",
                "size_in_mbs": "48128",
                "state": "AVAILABLE",
                "time_created": "2025-08-27 02:33:13.183 +0000 UTC"
              },
              {
                "agent_features": [],
                "base_image_id": "",
                "billable_size_in_gbs": "17",
                "compartment_id": "",
                "create_image_allowed": true,
                "defined_tags": {},
                "display_name": "Windows-Server-2022-Datacenter-Edition-BM-X9-2025.08.19-0",
                "freeform_tags": {},
                "id": "ocid1.image.oc1.ca-toronto-1.aaaaaaaayvbclzo5fy7rx2aigd4y7omma3sxuz4n4wl3hqxys2umhkz5yc7q",
                "image_source_details": [],
                "instance_id": "",
                "launch_mode": "PARAVIRTUALIZED",
                "launch_options": [
                  {
                    "boot_volume_type": "PARAVIRTUALIZED",
                    "firmware": "UEFI_64",
                    "is_consistent_volume_naming_enabled": false,
                    "is_pv_encryption_in_transit_enabled": true,
                    "network_type": "VFIO",
                    "remote_data_volume_type": "PARAVIRTUALIZED"
                  }
                ],
                "listing_type": "",
                "operating_system": "Windows",
                "operating_system_version": "Server 2022 Datacenter",
                "size_in_mbs": "48128",
                "state": "AVAILABLE",
                "time_created": "2025-08-27 02:33:12.646 +0000 UTC"
              },
              {
                "agent_features": [],
                "base_image_id": "",
                "billable_size_in_gbs": "16",
                "compartment_id": "",
                "create_image_allowed": true,
                "defined_tags": {},
                "display_name": "Windows-Server-2019-Datacenter-Edition-BM-GPU-2025.08.13-0",
                "freeform_tags": {},
                "id": "ocid1.image.oc1.ca-toronto-1.aaaaaaaa4kwg4j46kaawtqrqe5554brrogxusrqj3gqshcsxmwtiqu2pdurq",
                "image_source_details": [],
                "instance_id": "",
                "launch_mode": "PARAVIRTUALIZED",
                "launch_options": [
                  {
                    "boot_volume_type": "PARAVIRTUALIZED",
                    "firmware": "UEFI_64",
                    "is_consistent_volume_naming_enabled": false,
                    "is_pv_encryption_in_transit_enabled": true,
                    "network_type": "VFIO",
                    "remote_data_volume_type": "PARAVIRTUALIZED"
                  }
                ],
                "listing_type": "",
                "operating_system": "Windows",
                "operating_system_version": "Server 2019 Datacenter",
                "size_in_mbs": "48128",
                "state": "AVAILABLE",
                "time_created": "2025-08-27 02:33:11.128 +0000 UTC"
              },
              {
                "agent_features": [],
                "base_image_id": "",
                "billable_size_in_gbs": "17",
                "compartment_id": "",
                "create_image_allowed": true,
                "defined_tags": {},
                "display_name": "Windows-Server-2022-Datacenter-Edition-BM-E5-2025.08.13-0",
                "freeform_tags": {},
                "id": "ocid1.image.oc1.ca-toronto-1.aaaaaaaa465wmgqmefdswtnu6gpjcwsadgbylia3ro5xwhkbadrwv64zby3a",
                "image_source_details": [],
                "instance_id": "",
                "launch_mode": "PARAVIRTUALIZED",
                "launch_options": [
                  {
                    "boot_volume_type": "PARAVIRTUALIZED",
                    "firmware": "UEFI_64",
                    "is_consistent_volume_naming_enabled": false,
                    "is_pv_encryption_in_transit_enabled": true,
                    "network_type": "VFIO",
                    "remote_data_volume_type": "PARAVIRTUALIZED"
                  }
                ],
                "listing_type": "",
                "operating_system": "Windows",
                "operating_system_version": "Server 2022 Datacenter",
                "size_in_mbs": "48128",
                "state": "AVAILABLE",
                "time_created": "2025-08-27 02:33:09.924 +0000 UTC"
              },
              {
                "agent_features": [],
                "base_image_id": "",
                "billable_size_in_gbs": "16",
                "compartment_id": "",
                "create_image_allowed": true,
                "defined_tags": {},
                "display_name": "Windows-Server-2019-Standard-Edition-VM-2025.08.12-0",
                "freeform_tags": {},
                "id": "ocid1.image.oc1.ca-toronto-1.aaaaaaaapuni6grzkrvm42dagk6pu3ghhhtujipp2liccs2ghrx72knhg7ea",
                "image_source_details": [],
                "instance_id": "",
                "launch_mode": "CUSTOM",
                "launch_options": [
                  {
                    "boot_volume_type": "PARAVIRTUALIZED",
                    "firmware": "UEFI_64",
                    "is_consistent_volume_naming_enabled": false,
                    "is_pv_encryption_in_transit_enabled": true,
                    "network_type": "PARAVIRTUALIZED",
                    "remote_data_volume_type": "PARAVIRTUALIZED"
                  }
                ],
                "listing_type": "",
                "operating_system": "Windows",
                "operating_system_version": "Server 2019 Standard",
                "size_in_mbs": "48128",
                "state": "AVAILABLE",
                "time_created": "2025-08-20 03:49:11.914 +0000 UTC"
              },
              {
                "agent_features": [],
                "base_image_id": "",
                "billable_size_in_gbs": "12",
                "compartment_id": "",
                "create_image_allowed": true,
                "defined_tags": {},
                "display_name": "Windows-Server-2019-Standard-Core-VM-2025.08.12-0",
                "freeform_tags": {},
                "id": "ocid1.image.oc1.ca-toronto-1.aaaaaaaav3jabastx2fmo3zdwf35p7235locud5dfekpeqhxgtg7ybgp3kxq",
                "image_source_details": [],
                "instance_id": "",
                "launch_mode": "CUSTOM",
                "launch_options": [
                  {
                    "boot_volume_type": "PARAVIRTUALIZED",
                    "firmware": "UEFI_64",
                    "is_consistent_volume_naming_enabled": false,
                    "is_pv_encryption_in_transit_enabled": true,
                    "network_type": "PARAVIRTUALIZED",
                    "remote_data_volume_type": "PARAVIRTUALIZED"
                  }
                ],
                "listing_type": "",
                "operating_system": "Windows",
                "operating_system_version": "Server 2019 Standard Core",
                "size_in_mbs": "48128",
                "state": "AVAILABLE",
                "time_created": "2025-08-20 03:48:55.064 +0000 UTC"
              },
              {
                "agent_features": [],
                "base_image_id": "",
                "billable_size_in_gbs": "12",
                "compartment_id": "",
                "create_image_allowed": true,
                "defined_tags": {},
                "display_name": "Windows-Server-2022-Standard-Core-VM-2025.08.12-0",
                "freeform_tags": {},
                "id": "ocid1.image.oc1.ca-toronto-1.aaaaaaaa3mqxky7h3h7yt4ie3xqox5lm54u4tztsgtugtjxyd7ksmrzr53ba",
                "image_source_details": [],
                "instance_id": "",
                "launch_mode": "CUSTOM",
                "launch_options": [
                  {
                    "boot_volume_type": "PARAVIRTUALIZED",
                    "firmware": "UEFI_64",
                    "is_consistent_volume_naming_enabled": false,
                    "is_pv_encryption_in_transit_enabled": true,
                    "network_type": "PARAVIRTUALIZED",
                    "remote_data_volume_type": "PARAVIRTUALIZED"
                  }
                ],
                "listing_type": "",
                "operating_system": "Windows",
                "operating_system_version": "Server 2022 Standard Core",
                "size_in_mbs": "48128",
                "state": "AVAILABLE",
                "time_created": "2025-08-20 03:48:52.29 +0000 UTC"
              },
              {
                "agent_features": [],
                "base_image_id": "",
                "billable_size_in_gbs": "16",
                "compartment_id": "",
                "create_image_allowed": true,
                "defined_tags": {},
                "display_name": "Windows-Server-2019-Standard-Edition-VM-Gen2-2025.08.12-0",
                "freeform_tags": {},
                "id": "ocid1.image.oc1.ca-toronto-1.aaaaaaaapnwj2gzl4ulkmkezcnlajbhd2lrwvgi6r5znlqmvrusecco5vw4a",
                "image_source_details": [],
                "instance_id": "",
                "launch_mode": "CUSTOM",
                "launch_options": [
                  {
                    "boot_volume_type": "PARAVIRTUALIZED",
                    "firmware": "UEFI_64",
                    "is_consistent_volume_naming_enabled": false,
                    "is_pv_encryption_in_transit_enabled": true,
                    "network_type": "PARAVIRTUALIZED",
                    "remote_data_volume_type": "PARAVIRTUALIZED"
                  }
                ],
                "listing_type": "",
                "operating_system": "Windows",
                "operating_system_version": "Server 2019 Standard",
                "size_in_mbs": "48128",
                "state": "AVAILABLE",
                "time_created": "2025-08-20 03:48:51.192 +0000 UTC"
              },
              {
                "agent_features": [],
                "base_image_id": "",
                "billable_size_in_gbs": "17",
                "compartment_id": "",
                "create_image_allowed": true,
                "defined_tags": {},
                "display_name": "Windows-Server-2022-Standard-Edition-VM-2025.08.12-0",
                "freeform_tags": {},
                "id": "ocid1.image.oc1.ca-toronto-1.aaaaaaaazlfbwlt2tvrigm6z4ovko6ngfz2bln5xuos6vyfpo5dvjtjillga",
                "image_source_details": [],
                "instance_id": "",
                "launch_mode": "CUSTOM",
                "launch_options": [
                  {
                    "boot_volume_type": "PARAVIRTUALIZED",
                    "firmware": "UEFI_64",
                    "is_consistent_volume_naming_enabled": false,
                    "is_pv_encryption_in_transit_enabled": true,
                    "network_type": "PARAVIRTUALIZED",
                    "remote_data_volume_type": "PARAVIRTUALIZED"
                  }
                ],
                "listing_type": "",
                "operating_system": "Windows",
                "operating_system_version": "Server 2022 Standard",
                "size_in_mbs": "48128",
                "state": "AVAILABLE",
                "time_created": "2025-08-20 03:48:50.552 +0000 UTC"
              },
              {
                "agent_features": [],
                "base_image_id": "",
                "billable_size_in_gbs": "17",
                "compartment_id": "",
                "create_image_allowed": true,
                "defined_tags": {},
                "display_name": "Windows-Server-2022-Standard-Edition-VM-PV-2025.08.12-0",
                "freeform_tags": {},
                "id": "ocid1.image.oc1.ca-toronto-1.aaaaaaaalnjw73pk7vf6htnkl7wpndzb3u54q2rbiezfz6sxy7pu72cglxwa",
                "image_source_details": [],
                "instance_id": "",
                "launch_mode": "CUSTOM",
                "launch_options": [
                  {
                    "boot_volume_type": "PARAVIRTUALIZED",
                    "firmware": "UEFI_64",
                    "is_consistent_volume_naming_enabled": false,
                    "is_pv_encryption_in_transit_enabled": true,
                    "network_type": "PARAVIRTUALIZED",
                    "remote_data_volume_type": "PARAVIRTUALIZED"
                  }
                ],
                "listing_type": "",
                "operating_system": "Windows",
                "operating_system_version": "Server 2022 Standard",
                "size_in_mbs": "48128",
                "state": "AVAILABLE",
                "time_created": "2025-08-20 03:48:31.106 +0000 UTC"
              },
              {
                "agent_features": [],
                "base_image_id": "",
                "billable_size_in_gbs": "20",
                "compartment_id": "",
                "create_image_allowed": true,
                "defined_tags": {},
                "display_name": "Windows-Server-2016-Standard-Edition-VM-2025.08.12-0",
                "freeform_tags": {},
                "id": "ocid1.image.oc1.ca-toronto-1.aaaaaaaaqfok6ic4tm4kbznjp42vlj3ggbj2mfn5ihmm7njrrqpgihxmdmaq",
                "image_source_details": [],
                "instance_id": "",
                "launch_mode": "CUSTOM",
                "launch_options": [
                  {
                    "boot_volume_type": "PARAVIRTUALIZED",
                    "firmware": "UEFI_64",
                    "is_consistent_volume_naming_enabled": false,
                    "is_pv_encryption_in_transit_enabled": true,
                    "network_type": "PARAVIRTUALIZED",
                    "remote_data_volume_type": "PARAVIRTUALIZED"
                  }
                ],
                "listing_type": "",
                "operating_system": "Windows",
                "operating_system_version": "Server 2016 Standard",
                "size_in_mbs": "48128",
                "state": "AVAILABLE",
                "time_created": "2025-08-20 03:48:30.996 +0000 UTC"
              },
              {
                "agent_features": [],
                "base_image_id": "",
                "billable_size_in_gbs": "13",
                "compartment_id": "",
                "create_image_allowed": true,
                "defined_tags": {},
                "display_name": "Windows-Server-2016-Standard-Core-VM-2025.08.12-0",
                "freeform_tags": {},
                "id": "ocid1.image.oc1.ca-toronto-1.aaaaaaaahztdqktklmse4mvmrw2zsk6jkbxmvhpufi5i5uf6tmmarrh5tnzq",
                "image_source_details": [],
                "instance_id": "",
                "launch_mode": "CUSTOM",
                "launch_options": [
                  {
                    "boot_volume_type": "PARAVIRTUALIZED",
                    "firmware": "UEFI_64",
                    "is_consistent_volume_naming_enabled": false,
                    "is_pv_encryption_in_transit_enabled": true,
                    "network_type": "PARAVIRTUALIZED",
                    "remote_data_volume_type": "PARAVIRTUALIZED"
                  }
                ],
                "listing_type": "",
                "operating_system": "Windows",
                "operating_system_version": "Server 2016 Standard Core",
                "size_in_mbs": "48128",
                "state": "AVAILABLE",
                "time_created": "2025-08-20 03:48:29.45 +0000 UTC"
              },
              {
                "agent_features": [],
                "base_image_id": "",
                "billable_size_in_gbs": "17",
                "compartment_id": "",
                "create_image_allowed": true,
                "defined_tags": {},
                "display_name": "Windows-Server-2022-Datacenter-Edition-BM-E6-2025.07.15-0",
                "freeform_tags": {},
                "id": "ocid1.image.oc1.ca-toronto-1.aaaaaaaazd263rgsht3i7uxw6ifcxuagnaabb4fvsm662apd5dtasqm2cdjq",
                "image_source_details": [],
                "instance_id": "",
                "launch_mode": "PARAVIRTUALIZED",
                "launch_options": [
                  {
                    "boot_volume_type": "PARAVIRTUALIZED",
                    "firmware": "UEFI_64",
                    "is_consistent_volume_naming_enabled": false,
                    "is_pv_encryption_in_transit_enabled": true,
                    "network_type": "VFIO",
                    "remote_data_volume_type": "PARAVIRTUALIZED"
                  }
                ],
                "listing_type": "",
                "operating_system": "Windows",
                "operating_system_version": "Server 2022 Datacenter",
                "size_in_mbs": "48128",
                "state": "AVAILABLE",
                "time_created": "2025-07-25 10:47:19.001 +0000 UTC"
              },
              {
                "agent_features": [],
                "base_image_id": "",
                "billable_size_in_gbs": "17",
                "compartment_id": "",
                "create_image_allowed": true,
                "defined_tags": {},
                "display_name": "Windows-Server-2022-Datacenter-Edition-BM-E5-2025.07.10-0",
                "freeform_tags": {},
                "id": "ocid1.image.oc1.ca-toronto-1.aaaaaaaana4kbwdib5m2nle3buuc5xkjmhqj6jkxq4ngfhljkj5sfsh6ugxq",
                "image_source_details": [],
                "instance_id": "",
                "launch_mode": "PARAVIRTUALIZED",
                "launch_options": [
                  {
                    "boot_volume_type": "PARAVIRTUALIZED",
                    "firmware": "UEFI_64",
                    "is_consistent_volume_naming_enabled": false,
                    "is_pv_encryption_in_transit_enabled": true,
                    "network_type": "VFIO",
                    "remote_data_volume_type": "PARAVIRTUALIZED"
                  }
                ],
                "listing_type": "",
                "operating_system": "Windows",
                "operating_system_version": "Server 2022 Datacenter",
                "size_in_mbs": "48128",
                "state": "AVAILABLE",
                "time_created": "2025-07-25 10:46:24.047 +0000 UTC"
              },
              {
                "agent_features": [],
                "base_image_id": "",
                "billable_size_in_gbs": "17",
                "compartment_id": "",
                "create_image_allowed": true,
                "defined_tags": {},
                "display_name": "Windows-Server-2019-Datacenter-Edition-BM-E6-2025.07.16-0",
                "freeform_tags": {},
                "id": "ocid1.image.oc1.ca-toronto-1.aaaaaaaajbnhjp3e6nsjm7pempujz7fiijhzdg54udlu7hh7v5tu4c2xf6hq",
                "image_source_details": [],
                "instance_id": "",
                "launch_mode": "PARAVIRTUALIZED",
                "launch_options": [
                  {
                    "boot_volume_type": "PARAVIRTUALIZED",
                    "firmware": "UEFI_64",
                    "is_consistent_volume_naming_enabled": false,
                    "is_pv_encryption_in_transit_enabled": true,
                    "network_type": "VFIO",
                    "remote_data_volume_type": "PARAVIRTUALIZED"
                  }
                ],
                "listing_type": "",
                "operating_system": "Windows",
                "operating_system_version": "Server 2019 Datacenter",
                "size_in_mbs": "48128",
                "state": "AVAILABLE",
                "time_created": "2025-07-25 10:46:17.939 +0000 UTC"
              },
              {
                "agent_features": [],
                "base_image_id": "",
                "billable_size_in_gbs": "18",
                "compartment_id": "",
                "create_image_allowed": true,
                "defined_tags": {},
                "display_name": "Windows-Server-2022-Datacenter-Edition-BM-E4-DenseIO-2025.07.16-0",
                "freeform_tags": {},
                "id": "ocid1.image.oc1.ca-toronto-1.aaaaaaaaoctfdccfbwsruo4k4cc4auy7qr6uia3nh7jqy72rsg3h25wgzatq",
                "image_source_details": [],
                "instance_id": "",
                "launch_mode": "PARAVIRTUALIZED",
                "launch_options": [
                  {
                    "boot_volume_type": "PARAVIRTUALIZED",
                    "firmware": "UEFI_64",
                    "is_consistent_volume_naming_enabled": false,
                    "is_pv_encryption_in_transit_enabled": true,
                    "network_type": "VFIO",
                    "remote_data_volume_type": "PARAVIRTUALIZED"
                  }
                ],
                "listing_type": "",
                "operating_system": "Windows",
                "operating_system_version": "Server 2022 Datacenter",
                "size_in_mbs": "48128",
                "state": "AVAILABLE",
                "time_created": "2025-07-25 10:46:11.865 +0000 UTC"
              },
              {
                "agent_features": [],
                "base_image_id": "",
                "billable_size_in_gbs": "17",
                "compartment_id": "",
                "create_image_allowed": true,
                "defined_tags": {},
                "display_name": "Windows-Server-2019-Datacenter-Edition-BM-E4-DenseIO-2025.07.16-0",
                "freeform_tags": {},
                "id": "ocid1.image.oc1.ca-toronto-1.aaaaaaaatsjd3pwckfc3fwtegjjyecla47ghyzrpzt2ch2p2k27akeih6nda",
                "image_source_details": [],
                "instance_id": "",
                "launch_mode": "PARAVIRTUALIZED",
                "launch_options": [
                  {
                    "boot_volume_type": "PARAVIRTUALIZED",
                    "firmware": "UEFI_64",
                    "is_consistent_volume_naming_enabled": false,
                    "is_pv_encryption_in_transit_enabled": true,
                    "network_type": "VFIO",
                    "remote_data_volume_type": "PARAVIRTUALIZED"
                  }
                ],
                "listing_type": "",
                "operating_system": "Windows",
                "operating_system_version": "Server 2019 Datacenter",
                "size_in_mbs": "48128",
                "state": "AVAILABLE",
                "time_created": "2025-07-25 10:46:02.76 +0000 UTC"
              },
              {
                "agent_features": [],
                "base_image_id": "",
                "billable_size_in_gbs": "17",
                "compartment_id": "",
                "create_image_allowed": true,
                "defined_tags": {},
                "display_name": "Windows-Server-2019-Datacenter-Edition-BM-E5-2025.07.16-0",
                "freeform_tags": {},
                "id": "ocid1.image.oc1.ca-toronto-1.aaaaaaaaswdmbw6azkxxmxydqaocskem4iyciiwjsfgxzkn4tw46dihopyuq",
                "image_source_details": [],
                "instance_id": "",
                "launch_mode": "PARAVIRTUALIZED",
                "launch_options": [
                  {
                    "boot_volume_type": "PARAVIRTUALIZED",
                    "firmware": "UEFI_64",
                    "is_consistent_volume_naming_enabled": false,
                    "is_pv_encryption_in_transit_enabled": true,
                    "network_type": "VFIO",
                    "remote_data_volume_type": "PARAVIRTUALIZED"
                  }
                ],
                "listing_type": "",
                "operating_system": "Windows",
                "operating_system_version": "Server 2019 Datacenter",
                "size_in_mbs": "48128",
                "state": "AVAILABLE",
                "time_created": "2025-07-25 10:45:19.713 +0000 UTC"
              },
              {
                "agent_features": [],
                "base_image_id": "",
                "billable_size_in_gbs": "17",
                "compartment_id": "",
                "create_image_allowed": true,
                "defined_tags": {},
                "display_name": "Windows-Server-2022-Datacenter-Edition-BM-GPU-2025.07.10-0",
                "freeform_tags": {},
                "id": "ocid1.image.oc1.ca-toronto-1.aaaaaaaafknziyoqgnqjufn635g2xtrphy4d2s6uzx72o2h5c3lvkvhumuxq",
                "image_source_details": [],
                "instance_id": "",
                "launch_mode": "PARAVIRTUALIZED",
                "launch_options": [
                  {
                    "boot_volume_type": "PARAVIRTUALIZED",
                    "firmware": "UEFI_64",
                    "is_consistent_volume_naming_enabled": false,
                    "is_pv_encryption_in_transit_enabled": true,
                    "network_type": "VFIO",
                    "remote_data_volume_type": "PARAVIRTUALIZED"
                  }
                ],
                "listing_type": "",
                "operating_system": "Windows",
                "operating_system_version": "Server 2022 Datacenter",
                "size_in_mbs": "48128",
                "state": "AVAILABLE",
                "time_created": "2025-07-25 10:44:33.096 +0000 UTC"
              },
              {
                "agent_features": [],
                "base_image_id": "",
                "billable_size_in_gbs": "17",
                "compartment_id": "",
                "create_image_allowed": true,
                "defined_tags": {},
                "display_name": "Windows-Server-2022-Datacenter-Edition-BM-X9-2025.07.10-0",
                "freeform_tags": {},
                "id": "ocid1.image.oc1.ca-toronto-1.aaaaaaaanyrolshlkl6hnocfqstlfunderrdeg7s6udiyyt7anpjpz4na2ha",
                "image_source_details": [],
                "instance_id": "",
                "launch_mode": "PARAVIRTUALIZED",
                "launch_options": [
                  {
                    "boot_volume_type": "PARAVIRTUALIZED",
                    "firmware": "UEFI_64",
                    "is_consistent_volume_naming_enabled": false,
                    "is_pv_encryption_in_transit_enabled": true,
                    "network_type": "VFIO",
                    "remote_data_volume_type": "PARAVIRTUALIZED"
                  }
                ],
                "listing_type": "",
                "operating_system": "Windows",
                "operating_system_version": "Server 2022 Datacenter",
                "size_in_mbs": "48128",
                "state": "AVAILABLE",
                "time_created": "2025-07-25 10:44:12.994 +0000 UTC"
              },
              {
                "agent_features": [],
                "base_image_id": "",
                "billable_size_in_gbs": "17",
                "compartment_id": "",
                "create_image_allowed": true,
                "defined_tags": {},
                "display_name": "Windows-Server-2022-Datacenter-Edition-BM-E4-2025.07.15-0",
                "freeform_tags": {},
                "id": "ocid1.image.oc1.ca-toronto-1.aaaaaaaadmedrg7xhocsb7a2kpvfyv3w5aa2hpqq2ls523vrljarihiyvibq",
                "image_source_details": [],
                "instance_id": "",
                "launch_mode": "PARAVIRTUALIZED",
                "launch_options": [
                  {
                    "boot_volume_type": "PARAVIRTUALIZED",
                    "firmware": "UEFI_64",
                    "is_consistent_volume_naming_enabled": false,
                    "is_pv_encryption_in_transit_enabled": true,
                    "network_type": "VFIO",
                    "remote_data_volume_type": "PARAVIRTUALIZED"
                  }
                ],
                "listing_type": "",
                "operating_system": "Windows",
                "operating_system_version": "Server 2022 Datacenter",
                "size_in_mbs": "48128",
                "state": "AVAILABLE",
                "time_created": "2025-07-25 10:43:58.23 +0000 UTC"
              },
              {
                "agent_features": [],
                "base_image_id": "",
                "billable_size_in_gbs": "17",
                "compartment_id": "",
                "create_image_allowed": true,
                "defined_tags": {},
                "display_name": "Windows-Server-2022-Datacenter-Edition-BM-E3-2025.07.10-0",
                "freeform_tags": {},
                "id": "ocid1.image.oc1.ca-toronto-1.aaaaaaaawn77bg7qmbzsox7u3v22effi6wtfyhcgikecvjz6nnhj7dafi4ra",
                "image_source_details": [],
                "instance_id": "",
                "launch_mode": "PARAVIRTUALIZED",
                "launch_options": [
                  {
                    "boot_volume_type": "PARAVIRTUALIZED",
                    "firmware": "UEFI_64",
                    "is_consistent_volume_naming_enabled": false,
                    "is_pv_encryption_in_transit_enabled": true,
                    "network_type": "VFIO",
                    "remote_data_volume_type": "PARAVIRTUALIZED"
                  }
                ],
                "listing_type": "",
                "operating_system": "Windows",
                "operating_system_version": "Server 2022 Datacenter",
                "size_in_mbs": "48128",
                "state": "AVAILABLE",
                "time_created": "2025-07-25 10:43:11.195 +0000 UTC"
              },
              {
                "agent_features": [],
                "base_image_id": "",
                "billable_size_in_gbs": "19",
                "compartment_id": "",
                "create_image_allowed": true,
                "defined_tags": {},
                "display_name": "Windows-Server-2016-Datacenter-Edition-BM-Gen2-DenseIO-2025.07.10-0",
                "freeform_tags": {},
                "id": "ocid1.image.oc1.ca-toronto-1.aaaaaaaabyqpwu2zqa4sk2ncwhxzwgfw7hiaidorwlpphwdpy64gmtynmiqa",
                "image_source_details": [],
                "instance_id": "",
                "launch_mode": "CUSTOM",
                "launch_options": [
                  {
                    "boot_volume_type": "PARAVIRTUALIZED",
                    "firmware": "UEFI_64",
                    "is_consistent_volume_naming_enabled": false,
                    "is_pv_encryption_in_transit_enabled": true,
                    "network_type": "VFIO",
                    "remote_data_volume_type": "PARAVIRTUALIZED"
                  }
                ],
                "listing_type": "",
                "operating_system": "Windows",
                "operating_system_version": "Server 2016 Datacenter",
                "size_in_mbs": "48128",
                "state": "AVAILABLE",
                "time_created": "2025-07-25 10:42:39.443 +0000 UTC"
              },
              {
                "agent_features": [],
                "base_image_id": "",
                "billable_size_in_gbs": "16",
                "compartment_id": "",
                "create_image_allowed": true,
                "defined_tags": {},
                "display_name": "Windows-Server-2019-Datacenter-Edition-BM-E3-2025.07.10-0",
                "freeform_tags": {},
                "id": "ocid1.image.oc1.ca-toronto-1.aaaaaaaa7kz572agrcnkmpe5ahkzachjt5gpzznw2vdizz5xikovmhgdcoca",
                "image_source_details": [],
                "instance_id": "",
                "launch_mode": "PARAVIRTUALIZED",
                "launch_options": [
                  {
                    "boot_volume_type": "PARAVIRTUALIZED",
                    "firmware": "UEFI_64",
                    "is_consistent_volume_naming_enabled": false,
                    "is_pv_encryption_in_transit_enabled": true,
                    "network_type": "VFIO",
                    "remote_data_volume_type": "PARAVIRTUALIZED"
                  }
                ],
                "listing_type": "",
                "operating_system": "Windows",
                "operating_system_version": "Server 2019 Datacenter",
                "size_in_mbs": "48128",
                "state": "AVAILABLE",
                "time_created": "2025-07-25 10:42:28.756 +0000 UTC"
              },
              {
                "agent_features": [],
                "base_image_id": "",
                "billable_size_in_gbs": "17",
                "compartment_id": "",
                "create_image_allowed": true,
                "defined_tags": {},
                "display_name": "Windows-Server-2019-Datacenter-Edition-BM-E4-2025.07.15-0",
                "freeform_tags": {},
                "id": "ocid1.image.oc1.ca-toronto-1.aaaaaaaai4sljwquzxqhqtjwzvl5pv3hbfau4ieisuvtdg5fwlxoqmmrtnoa",
                "image_source_details": [],
                "instance_id": "",
                "launch_mode": "PARAVIRTUALIZED",
                "launch_options": [
                  {
                    "boot_volume_type": "PARAVIRTUALIZED",
                    "firmware": "UEFI_64",
                    "is_consistent_volume_naming_enabled": false,
                    "is_pv_encryption_in_transit_enabled": true,
                    "network_type": "VFIO",
                    "remote_data_volume_type": "PARAVIRTUALIZED"
                  }
                ],
                "listing_type": "",
                "operating_system": "Windows",
                "operating_system_version": "Server 2019 Datacenter",
                "size_in_mbs": "48128",
                "state": "AVAILABLE",
                "time_created": "2025-07-25 10:42:27.022 +0000 UTC"
              },
              {
                "agent_features": [],
                "base_image_id": "",
                "billable_size_in_gbs": "20",
                "compartment_id": "",
                "create_image_allowed": true,
                "defined_tags": {},
                "display_name": "Windows-Server-2016-Datacenter-Edition-BM-X9-2025.07.10-0",
                "freeform_tags": {},
                "id": "ocid1.image.oc1.ca-toronto-1.aaaaaaaawyrcs7p6anjr63eea354ptqesbsnowujehjqmcy4sd5w4cni6udq",
                "image_source_details": [],
                "instance_id": "",
                "launch_mode": "PARAVIRTUALIZED",
                "launch_options": [
                  {
                    "boot_volume_type": "PARAVIRTUALIZED",
                    "firmware": "UEFI_64",
                    "is_consistent_volume_naming_enabled": false,
                    "is_pv_encryption_in_transit_enabled": true,
                    "network_type": "VFIO",
                    "remote_data_volume_type": "PARAVIRTUALIZED"
                  }
                ],
                "listing_type": "",
                "operating_system": "Windows",
                "operating_system_version": "Server 2016 Datacenter",
                "size_in_mbs": "48128",
                "state": "AVAILABLE",
                "time_created": "2025-07-25 10:41:55.224 +0000 UTC"
              },
              {
                "agent_features": [],
                "base_image_id": "",
                "billable_size_in_gbs": "17",
                "compartment_id": "",
                "create_image_allowed": true,
                "defined_tags": {},
                "display_name": "Windows-Server-2019-Datacenter-Edition-BM-X9-2025.07.10-0",
                "freeform_tags": {},
                "id": "ocid1.image.oc1.ca-toronto-1.aaaaaaaa6riuzlfzyyd4tkje2v6jalrscnuvneyhrz4tfjfmk7afgybioz2a",
                "image_source_details": [],
                "instance_id": "",
                "launch_mode": "PARAVIRTUALIZED",
                "launch_options": [
                  {
                    "boot_volume_type": "PARAVIRTUALIZED",
                    "firmware": "UEFI_64",
                    "is_consistent_volume_naming_enabled": false,
                    "is_pv_encryption_in_transit_enabled": true,
                    "network_type": "VFIO",
                    "remote_data_volume_type": "PARAVIRTUALIZED"
                  }
                ],
                "listing_type": "",
                "operating_system": "Windows",
                "operating_system_version": "Server 2019 Datacenter",
                "size_in_mbs": "48128",
                "state": "AVAILABLE",
                "time_created": "2025-07-25 10:41:49.827 +0000 UTC"
              },
              {
                "agent_features": [],
                "base_image_id": "",
                "billable_size_in_gbs": "17",
                "compartment_id": "",
                "create_image_allowed": true,
                "defined_tags": {},
                "display_name": "Windows-Server-2019-Datacenter-Edition-BM-GPU-2025.07.10-0",
                "freeform_tags": {},
                "id": "ocid1.image.oc1.ca-toronto-1.aaaaaaaan4xlvkqzc6jurfv5xo5bkn74oiqnkx7sti5barqrzrcsux2pksyq",
                "image_source_details": [],
                "instance_id": "",
                "launch_mode": "PARAVIRTUALIZED",
                "launch_options": [
                  {
                    "boot_volume_type": "PARAVIRTUALIZED",
                    "firmware": "UEFI_64",
                    "is_consistent_volume_naming_enabled": false,
                    "is_pv_encryption_in_transit_enabled": true,
                    "network_type": "VFIO",
                    "remote_data_volume_type": "PARAVIRTUALIZED"
                  }
                ],
                "listing_type": "",
                "operating_system": "Windows",
                "operating_system_version": "Server 2019 Datacenter",
                "size_in_mbs": "48128",
                "state": "AVAILABLE",
                "time_created": "2025-07-25 10:41:48.578 +0000 UTC"
              },
              {
                "agent_features": [],
                "base_image_id": "",
                "billable_size_in_gbs": "19",
                "compartment_id": "",
                "create_image_allowed": true,
                "defined_tags": {},
                "display_name": "Windows-Server-2016-Datacenter-Edition-BM-Gen2-E2-2025.07.15-0",
                "freeform_tags": {},
                "id": "ocid1.image.oc1.ca-toronto-1.aaaaaaaanfg4m7apaqg2guyfpo7l2m27mpkrwb2kmh4w5onoht2ohdlzdoxa",
                "image_source_details": [],
                "instance_id": "",
                "launch_mode": "CUSTOM",
                "launch_options": [
                  {
                    "boot_volume_type": "PARAVIRTUALIZED",
                    "firmware": "UEFI_64",
                    "is_consistent_volume_naming_enabled": false,
                    "is_pv_encryption_in_transit_enabled": true,
                    "network_type": "VFIO",
                    "remote_data_volume_type": "PARAVIRTUALIZED"
                  }
                ],
                "listing_type": "",
                "operating_system": "Windows",
                "operating_system_version": "Server 2016 Datacenter",
                "size_in_mbs": "48128",
                "state": "AVAILABLE",
                "time_created": "2025-07-25 10:41:35.657 +0000 UTC"
              },
              {
                "agent_features": [],
                "base_image_id": "",
                "billable_size_in_gbs": "19",
                "compartment_id": "",
                "create_image_allowed": true,
                "defined_tags": {},
                "display_name": "Windows-Server-2016-Datacenter-Edition-BM-Gen2-2025.07.10-0",
                "freeform_tags": {},
                "id": "ocid1.image.oc1.ca-toronto-1.aaaaaaaaded4ieghkm7gj4f26teac6im5n3rcuelrxmcvezxxksddxkk24la",
                "image_source_details": [],
                "instance_id": "",
                "launch_mode": "CUSTOM",
                "launch_options": [
                  {
                    "boot_volume_type": "PARAVIRTUALIZED",
                    "firmware": "UEFI_64",
                    "is_consistent_volume_naming_enabled": false,
                    "is_pv_encryption_in_transit_enabled": true,
                    "network_type": "VFIO",
                    "remote_data_volume_type": "PARAVIRTUALIZED"
                  }
                ],
                "listing_type": "",
                "operating_system": "Windows",
                "operating_system_version": "Server 2016 Datacenter",
                "size_in_mbs": "48128",
                "state": "AVAILABLE",
                "time_created": "2025-07-25 10:41:34.58 +0000 UTC"
              },
              {
                "agent_features": [],
                "base_image_id": "",
                "billable_size_in_gbs": "17",
                "compartment_id": "",
                "create_image_allowed": true,
                "defined_tags": {},
                "display_name": "Windows-Server-2022-Standard-Edition-VM-2025.07.09-0",
                "freeform_tags": {},
                "id": "ocid1.image.oc1.ca-toronto-1.aaaaaaaatb72mascjgkmvwt5h7mgwqo2xxjvhovmxikbzqllgcqpxtvw2nnq",
                "image_source_details": [],
                "instance_id": "",
                "launch_mode": "CUSTOM",
                "launch_options": [
                  {
                    "boot_volume_type": "PARAVIRTUALIZED",
                    "firmware": "UEFI_64",
                    "is_consistent_volume_naming_enabled": false,
                    "is_pv_encryption_in_transit_enabled": true,
                    "network_type": "PARAVIRTUALIZED",
                    "remote_data_volume_type": "PARAVIRTUALIZED"
                  }
                ],
                "listing_type": "",
                "operating_system": "Windows",
                "operating_system_version": "Server 2022 Standard",
                "size_in_mbs": "48128",
                "state": "AVAILABLE",
                "time_created": "2025-07-21 07:36:26.256 +0000 UTC"
              },
              {
                "agent_features": [],
                "base_image_id": "",
                "billable_size_in_gbs": "17",
                "compartment_id": "",
                "create_image_allowed": true,
                "defined_tags": {},
                "display_name": "Windows-Server-2022-Standard-Edition-VM-PV-2025.07.09-0",
                "freeform_tags": {},
                "id": "ocid1.image.oc1.ca-toronto-1.aaaaaaaauo2voy4yypmweo3fn5wg4azhhuvbzvfmxondksr5z7mgvfdolwtq",
                "image_source_details": [],
                "instance_id": "",
                "launch_mode": "CUSTOM",
                "launch_options": [
                  {
                    "boot_volume_type": "PARAVIRTUALIZED",
                    "firmware": "UEFI_64",
                    "is_consistent_volume_naming_enabled": false,
                    "is_pv_encryption_in_transit_enabled": true,
                    "network_type": "PARAVIRTUALIZED",
                    "remote_data_volume_type": "PARAVIRTUALIZED"
                  }
                ],
                "listing_type": "",
                "operating_system": "Windows",
                "operating_system_version": "Server 2022 Standard",
                "size_in_mbs": "48128",
                "state": "AVAILABLE",
                "time_created": "2025-07-21 07:36:17.25 +0000 UTC"
              },
              {
                "agent_features": [],
                "base_image_id": "",
                "billable_size_in_gbs": "12",
                "compartment_id": "",
                "create_image_allowed": true,
                "defined_tags": {},
                "display_name": "Windows-Server-2022-Standard-Core-VM-2025.07.09-0",
                "freeform_tags": {},
                "id": "ocid1.image.oc1.ca-toronto-1.aaaaaaaa7myu6kbglr2jtnvy2lrxbkmojqrwqlg4bskzbt4rgw5gfykb2vsq",
                "image_source_details": [],
                "instance_id": "",
                "launch_mode": "CUSTOM",
                "launch_options": [
                  {
                    "boot_volume_type": "PARAVIRTUALIZED",
                    "firmware": "UEFI_64",
                    "is_consistent_volume_naming_enabled": false,
                    "is_pv_encryption_in_transit_enabled": true,
                    "network_type": "PARAVIRTUALIZED",
                    "remote_data_volume_type": "PARAVIRTUALIZED"
                  }
                ],
                "listing_type": "",
                "operating_system": "Windows",
                "operating_system_version": "Server 2022 Standard Core",
                "size_in_mbs": "48128",
                "state": "AVAILABLE",
                "time_created": "2025-07-21 07:36:05.523 +0000 UTC"
              },
              {
                "agent_features": [],
                "base_image_id": "",
                "billable_size_in_gbs": "12",
                "compartment_id": "",
                "create_image_allowed": true,
                "defined_tags": {},
                "display_name": "Windows-Server-2019-Standard-Core-VM-2025.07.09-0",
                "freeform_tags": {},
                "id": "ocid1.image.oc1.ca-toronto-1.aaaaaaaaovruuaaaxujhdvsgcanqi5jxqfpxybwgorl4gsdkchhxf6zxeszq",
                "image_source_details": [],
                "instance_id": "",
                "launch_mode": "CUSTOM",
                "launch_options": [
                  {
                    "boot_volume_type": "PARAVIRTUALIZED",
                    "firmware": "UEFI_64",
                    "is_consistent_volume_naming_enabled": false,
                    "is_pv_encryption_in_transit_enabled": true,
                    "network_type": "PARAVIRTUALIZED",
                    "remote_data_volume_type": "PARAVIRTUALIZED"
                  }
                ],
                "listing_type": "",
                "operating_system": "Windows",
                "operating_system_version": "Server 2019 Standard Core",
                "size_in_mbs": "48128",
                "state": "AVAILABLE",
                "time_created": "2025-07-21 07:35:44.658 +0000 UTC"
              },
              {
                "agent_features": [],
                "base_image_id": "",
                "billable_size_in_gbs": "16",
                "compartment_id": "",
                "create_image_allowed": true,
                "defined_tags": {},
                "display_name": "Windows-Server-2019-Standard-Edition-VM-Gen2-2025.07.09-0",
                "freeform_tags": {},
                "id": "ocid1.image.oc1.ca-toronto-1.aaaaaaaaz7hob2tbr6lingigcev4ljplocej3x7lxygjyywnipjnx2ixtetq",
                "image_source_details": [],
                "instance_id": "",
                "launch_mode": "CUSTOM",
                "launch_options": [
                  {
                    "boot_volume_type": "PARAVIRTUALIZED",
                    "firmware": "UEFI_64",
                    "is_consistent_volume_naming_enabled": false,
                    "is_pv_encryption_in_transit_enabled": true,
                    "network_type": "PARAVIRTUALIZED",
                    "remote_data_volume_type": "PARAVIRTUALIZED"
                  }
                ],
                "listing_type": "",
                "operating_system": "Windows",
                "operating_system_version": "Server 2019 Standard",
                "size_in_mbs": "48128",
                "state": "AVAILABLE",
                "time_created": "2025-07-21 07:35:27.151 +0000 UTC"
              },
              {
                "agent_features": [],
                "base_image_id": "",
                "billable_size_in_gbs": "19",
                "compartment_id": "",
                "create_image_allowed": true,
                "defined_tags": {},
                "display_name": "Windows-Server-2016-Standard-Edition-VM-2025.07.09-0",
                "freeform_tags": {},
                "id": "ocid1.image.oc1.ca-toronto-1.aaaaaaaakh6fpia2hfp2z6dpw6tcedet6i5r2qurgmjczv43hpz6ausvl6sa",
                "image_source_details": [],
                "instance_id": "",
                "launch_mode": "CUSTOM",
                "launch_options": [
                  {
                    "boot_volume_type": "PARAVIRTUALIZED",
                    "firmware": "UEFI_64",
                    "is_consistent_volume_naming_enabled": false,
                    "is_pv_encryption_in_transit_enabled": true,
                    "network_type": "PARAVIRTUALIZED",
                    "remote_data_volume_type": "PARAVIRTUALIZED"
                  }
                ],
                "listing_type": "",
                "operating_system": "Windows",
                "operating_system_version": "Server 2016 Standard",
                "size_in_mbs": "48128",
                "state": "AVAILABLE",
                "time_created": "2025-07-21 07:35:26.63 +0000 UTC"
              },
              {
                "agent_features": [],
                "base_image_id": "",
                "billable_size_in_gbs": "16",
                "compartment_id": "",
                "create_image_allowed": true,
                "defined_tags": {},
                "display_name": "Windows-Server-2019-Standard-Edition-VM-2025.07.09-0",
                "freeform_tags": {},
                "id": "ocid1.image.oc1.ca-toronto-1.aaaaaaaaiebxhadu7cgeqj6i6n2bcnctpyak6w6bura7s526f3v5eyqnshba",
                "image_source_details": [],
                "instance_id": "",
                "launch_mode": "CUSTOM",
                "launch_options": [
                  {
                    "boot_volume_type": "PARAVIRTUALIZED",
                    "firmware": "UEFI_64",
                    "is_consistent_volume_naming_enabled": false,
                    "is_pv_encryption_in_transit_enabled": true,
                    "network_type": "PARAVIRTUALIZED",
                    "remote_data_volume_type": "PARAVIRTUALIZED"
                  }
                ],
                "listing_type": "",
                "operating_system": "Windows",
                "operating_system_version": "Server 2019 Standard",
                "size_in_mbs": "48128",
                "state": "AVAILABLE",
                "time_created": "2025-07-21 07:35:24.345 +0000 UTC"
              },
              {
                "agent_features": [],
                "base_image_id": "",
                "billable_size_in_gbs": "13",
                "compartment_id": "",
                "create_image_allowed": true,
                "defined_tags": {},
                "display_name": "Windows-Server-2016-Standard-Core-VM-2025.07.09-0",
                "freeform_tags": {},
                "id": "ocid1.image.oc1.ca-toronto-1.aaaaaaaaddy3qlqzpc4fnhalkx3sncnmcnncjfhoulxrukeauvjzh7db2iyq",
                "image_source_details": [],
                "instance_id": "",
                "launch_mode": "CUSTOM",
                "launch_options": [
                  {
                    "boot_volume_type": "PARAVIRTUALIZED",
                    "firmware": "UEFI_64",
                    "is_consistent_volume_naming_enabled": false,
                    "is_pv_encryption_in_transit_enabled": true,
                    "network_type": "PARAVIRTUALIZED",
                    "remote_data_volume_type": "PARAVIRTUALIZED"
                  }
                ],
                "listing_type": "",
                "operating_system": "Windows",
                "operating_system_version": "Server 2016 Standard Core",
                "size_in_mbs": "48128",
                "state": "AVAILABLE",
                "time_created": "2025-07-21 07:35:05.967 +0000 UTC"
              },
              {
                "agent_features": [],
                "base_image_id": "",
                "billable_size_in_gbs": "20",
                "compartment_id": "",
                "create_image_allowed": true,
                "defined_tags": {},
                "display_name": "Windows-Server-2016-Datacenter-Edition-BM-X9-2025.06.12-0",
                "freeform_tags": {},
                "id": "ocid1.image.oc1.ca-toronto-1.aaaaaaaabzzkzyiyzaiwcvr6pssj37sepbo5bjzf6noa454yqr4c7mrhz2da",
                "image_source_details": [],
                "instance_id": "",
                "launch_mode": "PARAVIRTUALIZED",
                "launch_options": [
                  {
                    "boot_volume_type": "PARAVIRTUALIZED",
                    "firmware": "UEFI_64",
                    "is_consistent_volume_naming_enabled": false,
                    "is_pv_encryption_in_transit_enabled": true,
                    "network_type": "VFIO",
                    "remote_data_volume_type": "PARAVIRTUALIZED"
                  }
                ],
                "listing_type": "",
                "operating_system": "Windows",
                "operating_system_version": "Server 2016 Datacenter",
                "size_in_mbs": "48128",
                "state": "AVAILABLE",
                "time_created": "2025-07-01 06:47:10.715 +0000 UTC"
              },
              {
                "agent_features": [],
                "base_image_id": "",
                "billable_size_in_gbs": "0",
                "compartment_id": "",
                "create_image_allowed": true,
                "defined_tags": {},
                "display_name": "Windows-Server-2016-Standard-Edition-VM-B1-2021.03.18-0",
                "freeform_tags": {},
                "id": "ocid1.image.oc1.ca-toronto-1.aaaaaaaaho4vntqykxvcsarodff3ewdxcjie22fpz6tu36gfxjdlnipov4ka",
                "image_source_details": [],
                "instance_id": "",
                "launch_mode": "CUSTOM",
                "launch_options": [
                  {
                    "boot_volume_type": "PARAVIRTUALIZED",
                    "firmware": "UEFI_64",
                    "is_consistent_volume_naming_enabled": false,
                    "is_pv_encryption_in_transit_enabled": true,
                    "network_type": "VFIO",
                    "remote_data_volume_type": "PARAVIRTUALIZED"
                  }
                ],
                "listing_type": "",
                "operating_system": "Windows",
                "operating_system_version": "Server 2016 Standard",
                "size_in_mbs": "262144",
                "state": "AVAILABLE",
                "time_created": "2021-03-24 20:42:28.629 +0000 UTC"
              },
              {
                "agent_features": [],
                "base_image_id": "",
                "billable_size_in_gbs": "0",
                "compartment_id": "",
                "create_image_allowed": true,
                "defined_tags": {},
                "display_name": "Windows-Server-2016-Standard-Edition-VM-B1-2021.02.13-0",
                "freeform_tags": {},
                "id": "ocid1.image.oc1.ca-toronto-1.aaaaaaaaao72vjddsgr7scurh4nahmm6qog5klshjnf3xxxy5drnvy2nzvea",
                "image_source_details": [],
                "instance_id": "",
                "launch_mode": "CUSTOM",
                "launch_options": [
                  {
                    "boot_volume_type": "PARAVIRTUALIZED",
                    "firmware": "UEFI_64",
                    "is_consistent_volume_naming_enabled": false,
                    "is_pv_encryption_in_transit_enabled": true,
                    "network_type": "VFIO",
                    "remote_data_volume_type": "PARAVIRTUALIZED"
                  }
                ],
                "listing_type": "",
                "operating_system": "Windows",
                "operating_system_version": "Server 2016 Standard",
                "size_in_mbs": "262144",
                "state": "AVAILABLE",
                "time_created": "2021-02-20 05:18:02.044 +0000 UTC"
              }
            ],
            "operating_system": "Windows",
            "operating_system_version": null,
            "shape": null,
            "sort_by": "TIMECREATED",
            "sort_order": null,
            "state": null
          },
          "sensitive_attributes": []
        }
      ]
    },
    {
      "mode": "data",
      "type": "oci_core_services",
      "name": "all_oci_services",
      "provider": "provider[\"registry.terraform.io/hashicorp/oci\"]",
      "instances": [
        {
          "index_key": 0,
          "schema_version": 0,
          "attributes": {
            "filter": [
              {
                "name": "name",
                "regex": true,
                "values": [
                  "All .* Services In Oracle Services Network"
                ]
              }
            ],
            "id": "CoreServicesDataSource-0",
            "services": [
              {
                "cidr_block": "all-yyz-services-in-oracle-services-network",
                "description": "All YYZ Services In Oracle Services Network",
                "id": "ocid1.service.oc1.ca-toronto-1.aaaaaaaaxwhdaheitj3qvugait3k4cqnqt6d76dlhxl3nv3dof6abuu4xhga",
                "name": "All YYZ Services In Oracle Services Network"
              }
            ]
          },
          "sensitive_attributes": []
        }
      ]
    },
    {
      "mode": "data",
      "type": "oci_identity_availability_domain",
      "name": "ad",
      "provider": "provider[\"registry.terraform.io/hashicorp/oci\"]",
      "instances": [
        {
          "schema_version": 0,
          "attributes": {
            "ad_number": 1,
            "compartment_id": "ocid1.tenancy.oc1..aaaaaaaa6zsrgfalz5dlstfg24aeypj6cfaoncaq4gnwcp4j5ysjvhzjy6pa",
            "id": "ocid1.availabilitydomain.oc1..aaaaaaaawshktv3wktr5rplplpshn5vsugutbhicqc2mwwg27nwhpflsvzza",
            "name": "oiuX:CA-TORONTO-1-AD-1"
          },
          "sensitive_attributes": []
        }
      ]
    },
    {
      "mode": "data",
      "type": "oci_identity_availability_domains",
      "name": "ads",
      "provider": "provider[\"registry.terraform.io/hashicorp/oci\"]",
      "instances": [
        {
          "schema_version": 0,
          "attributes": {
            "availability_domains": [
              {
                "compartment_id": "ocid1.compartment.oc1..aaaaaaaatvgwoxshgt5d4vtbpinzghbcf6jmczes6qjsf5xgrjbzauwyut6a",
                "id": "ocid1.availabilitydomain.oc1..aaaaaaaawshktv3wktr5rplplpshn5vsugutbhicqc2mwwg27nwhpflsvzza",
                "name": "oiuX:CA-TORONTO-1-AD-1"
              }
            ],
            "compartment_id": "ocid1.compartment.oc1..aaaaaaaatvgwoxshgt5d4vtbpinzghbcf6jmczes6qjsf5xgrjbzauwyut6a",
            "filter": null,
            "id": "IdentityAvailabilityDomainsDataSource-3540435846"
          },
          "sensitive_attributes": []
        }
      ]
    },
    {
      "mode": "data",
      "type": "oci_identity_region_subscriptions",
      "name": "this",
      "provider": "provider[\"registry.terraform.io/hashicorp/oci\"]",
      "instances": [
        {
          "schema_version": 0,
          "attributes": {
            "filter": [
              {
                "name": "region_name",
                "regex": false,
                "values": [
                  "ca-toronto-1"
                ]
              }
            ],
            "id": "IdentityRegionSubscriptionsDataSource-586006985",
            "region_subscriptions": [
              {
                "is_home_region": true,
                "region_key": "YYZ",
                "region_name": "ca-toronto-1",
                "state": "READY",
                "tenancy_id": ""
              }
            ],
            "tenancy_id": "ocid1.tenancy.oc1..aaaaaaaa6zsrgfalz5dlstfg24aeypj6cfaoncaq4gnwcp4j5ysjvhzjy6pa"
          },
          "sensitive_attributes": []
        }
      ]
    },
    {
      "mode": "data",
      "type": "oci_identity_regions",
      "name": "all_regions",
      "provider": "provider[\"registry.terraform.io/hashicorp/oci\"]",
      "instances": [
        {
          "schema_version": 0,
          "attributes": {
            "filter": null,
            "id": "IdentityRegionsDataSource-0",
            "regions": [
              {
                "key": "AMS",
                "name": "eu-amsterdam-1"
              },
              {
                "key": "ARN",
                "name": "eu-stockholm-1"
              },
              {
                "key": "AUH",
                "name": "me-abudhabi-1"
              },
              {
                "key": "BOG",
                "name": "sa-bogota-1"
              },
              {
                "key": "BOM",
                "name": "ap-mumbai-1"
              },
              {
                "key": "CDG",
                "name": "eu-paris-1"
              },
              {
                "key": "CWL",
                "name": "uk-cardiff-1"
              },
              {
                "key": "DXB",
                "name": "me-dubai-1"
              },
              {
                "key": "FRA",
                "name": "eu-frankfurt-1"
              },
              {
                "key": "GRU",
                "name": "sa-saopaulo-1"
              },
              {
                "key": "HSG",
                "name": "ap-batam-1"
              },
              {
                "key": "HYD",
                "name": "ap-hyderabad-1"
              },
              {
                "key": "IAD",
                "name": "us-ashburn-1"
              },
              {
                "key": "ICN",
                "name": "ap-seoul-1"
              },
              {
                "key": "JED",
                "name": "me-jeddah-1"
              },
              {
                "key": "JNB",
                "name": "af-johannesburg-1"
              },
              {
                "key": "KIX",
                "name": "ap-osaka-1"
              },
              {
                "key": "LHR",
                "name": "uk-london-1"
              },
              {
                "key": "LIN",
                "name": "eu-milan-1"
              },
              {
                "key": "MAD",
                "name": "eu-madrid-1"
              },
              {
                "key": "MEL",
                "name": "ap-melbourne-1"
              },
              {
                "key": "MRS",
                "name": "eu-marseille-1"
              },
              {
                "key": "MTY",
                "name": "mx-monterrey-1"
              },
              {
                "key": "MTZ",
                "name": "il-jerusalem-1"
              },
              {
                "key": "NRT",
                "name": "ap-tokyo-1"
              },
              {
                "key": "ORD",
                "name": "us-chicago-1"
              },
              {
                "key": "PHX",
                "name": "us-phoenix-1"
              },
              {
                "key": "QRO",
                "name": "mx-queretaro-1"
              },
              {
                "key": "RUH",
                "name": "me-riyadh-1"
              },
              {
                "key": "SCL",
                "name": "sa-santiago-1"
              },
              {
                "key": "SIN",
                "name": "ap-singapore-1"
              },
              {
                "key": "SJC",
                "name": "us-sanjose-1"
              },
              {
                "key": "SYD",
                "name": "ap-sydney-1"
              },
              {
                "key": "VAP",
                "name": "sa-valparaiso-1"
              },
              {
                "key": "VCP",
                "name": "sa-vinhedo-1"
              },
              {
                "key": "XSP",
                "name": "ap-singapore-2"
              },
              {
                "key": "YNY",
                "name": "ap-chuncheon-1"
              },
              {
                "key": "YUL",
                "name": "ca-montreal-1"
              },
              {
                "key": "YYZ",
                "name": "ca-toronto-1"
              },
              {
                "key": "ZRH",
                "name": "eu-zurich-1"
              }
            ]
          },
          "sensitive_attributes": []
        }
      ]
    },
    {
      "mode": "managed",
      "type": "oci_core_default_dhcp_options",
      "name": "default_dhcp_options",
      "provider": "provider[\"registry.terraform.io/hashicorp/oci\"]",
      "instances": [
        {
          "schema_version": 0,
          "attributes": {
            "compartment_id": "ocid1.compartment.oc1..aaaaaaaaywbwwduk7ftpkl7fkise5hojmdheoh5jozjflwbj4zdcofrgqgga",
            "defined_tags": {
              "Oracle-Tags.CreatedBy": "default/rajesh.madhavarao@eclipsys.ca",
              "Oracle-Tags.CreatedOn": "2025-10-14T21:40:53.922Z"
            },
            "display_name": "defaultDhcpOptions",
            "domain_name_type": "CUSTOM_DOMAIN",
            "freeform_tags": {},
            "id": "ocid1.dhcpoptions.oc1.ca-toronto-1.aaaaaaaaq6pnc42ijjkqbhkzg4eu45wape42f4o4i5zthvw5lruzyxbuyeha",
            "manage_default_resource_id": "ocid1.dhcpoptions.oc1.ca-toronto-1.aaaaaaaaq6pnc42ijjkqbhkzg4eu45wape42f4o4i5zthvw5lruzyxbuyeha",
            "options": [
              {
                "custom_dns_servers": [],
                "search_domain_names": [
                  "millenium.oci.com"
                ],
                "server_type": "",
                "type": "SearchDomain"
              },
              {
                "custom_dns_servers": [],
                "search_domain_names": [],
                "server_type": "VcnLocalPlusInternet",
                "type": "DomainNameServer"
              }
            ],
            "state": "AVAILABLE",
            "time_created": "2025-10-14 21:40:54.074 +0000 UTC",
            "timeouts": null
          },
          "sensitive_attributes": [],
          "private": "eyJlMmJmYjczMC1lY2FhLTExZTYtOGY4OC0zNDM2M2JjN2M0YzAiOnsiY3JlYXRlIjoxMjAwMDAwMDAwMDAwLCJkZWxldGUiOjEyMDAwMDAwMDAwMDAsInVwZGF0ZSI6MTIwMDAwMDAwMDAwMH19",
          "dependencies": [
            "data.oci_identity_region_subscriptions.this",
            "oci_core_vcn.vcn1",
            "oci_identity_compartment.parent_compartment",
            "oci_identity_compartment.sub_compartment_net"
          ]
        }
      ]
    },
    {
      "mode": "managed",
      "type": "oci_core_default_route_table",
      "name": "default_route_table",
      "provider": "provider[\"registry.terraform.io/hashicorp/oci\"]",
      "instances": [
        {
          "schema_version": 0,
          "attributes": {
            "compartment_id": "ocid1.compartment.oc1..aaaaaaaaywbwwduk7ftpkl7fkise5hojmdheoh5jozjflwbj4zdcofrgqgga",
            "defined_tags": {
              "Oracle-Tags.CreatedBy": "default/rajesh.madhavarao@eclipsys.ca",
              "Oracle-Tags.CreatedOn": "2025-10-14T21:40:53.922Z"
            },
            "display_name": "defaultRouteTable",
            "freeform_tags": {},
            "id": "ocid1.routetable.oc1.ca-toronto-1.aaaaaaaamww7setnljifecz2ylsmlwl5ekmeyt2lhhterdizi343wckqrwfa",
            "manage_default_resource_id": "ocid1.routetable.oc1.ca-toronto-1.aaaaaaaamww7setnljifecz2ylsmlwl5ekmeyt2lhhterdizi343wckqrwfa",
            "route_rules": [
              {
                "cidr_block": "",
                "description": "",
                "destination": "0.0.0.0/0",
                "destination_type": "CIDR_BLOCK",
                "network_entity_id": "ocid1.internetgateway.oc1.ca-toronto-1.aaaaaaaa5dusllncriih7hhtyrdh3khj4w2x53lq4uv4txpxcl4oeumghlta",
                "route_type": ""
              }
            ],
            "state": "AVAILABLE",
            "time_created": "2025-10-14 21:40:53.973 +0000 UTC",
            "timeouts": null
          },
          "sensitive_attributes": [],
          "private": "eyJlMmJmYjczMC1lY2FhLTExZTYtOGY4OC0zNDM2M2JjN2M0YzAiOnsiY3JlYXRlIjoxMjAwMDAwMDAwMDAwLCJkZWxldGUiOjEyMDAwMDAwMDAwMDAsInVwZGF0ZSI6MTIwMDAwMDAwMDAwMH19",
          "dependencies": [
            "data.oci_identity_region_subscriptions.this",
            "oci_core_internet_gateway.my_internet_gateway",
            "oci_core_vcn.vcn1",
            "oci_identity_compartment.parent_compartment",
            "oci_identity_compartment.sub_compartment_net"
          ]
        }
      ]
    },
    {
      "mode": "managed",
      "type": "oci_core_default_security_list",
      "name": "default_security_list",
      "provider": "provider[\"registry.terraform.io/hashicorp/oci\"]",
      "instances": [
        {
          "schema_version": 0,
          "attributes": {
            "compartment_id": "ocid1.compartment.oc1..aaaaaaaaywbwwduk7ftpkl7fkise5hojmdheoh5jozjflwbj4zdcofrgqgga",
            "defined_tags": {
              "Oracle-Tags.CreatedBy": "default/rajesh.madhavarao@eclipsys.ca",
              "Oracle-Tags.CreatedOn": "2025-10-14T21:40:53.922Z"
            },
            "display_name": "defaultSecurityList",
            "egress_security_rules": [
              {
                "description": "",
                "destination": "0.0.0.0/0",
                "destination_type": "CIDR_BLOCK",
                "icmp_options": [],
                "protocol": "17",
                "stateless": true,
                "tcp_options": [],
                "udp_options": [
                  {
                    "max": 320,
                    "min": 319,
                    "source_port_range": []
                  }
                ]
              },
              {
                "description": "",
                "destination": "0.0.0.0/0",
                "destination_type": "CIDR_BLOCK",
                "icmp_options": [],
                "protocol": "6",
                "stateless": false,
                "tcp_options": [],
                "udp_options": []
              }
            ],
            "freeform_tags": {},
            "id": "ocid1.securitylist.oc1.ca-toronto-1.aaaaaaaayplp5vk2jiaens4fjauigwu7xhpgkx3zy4g5pnsbavkgcw3nrtoq",
            "ingress_security_rules": [
              {
                "description": "",
                "icmp_options": [
                  {
                    "code": 4,
                    "type": 3
                  }
                ],
                "protocol": "1",
                "source": "0.0.0.0/0",
                "source_type": "CIDR_BLOCK",
                "stateless": true,
                "tcp_options": [],
                "udp_options": []
              }
            ],
            "manage_default_resource_id": "ocid1.securitylist.oc1.ca-toronto-1.aaaaaaaayplp5vk2jiaens4fjauigwu7xhpgkx3zy4g5pnsbavkgcw3nrtoq",
            "state": "AVAILABLE",
            "time_created": "2025-10-14 21:40:53.973 +0000 UTC",
            "timeouts": null
          },
          "sensitive_attributes": [],
          "private": "eyJlMmJmYjczMC1lY2FhLTExZTYtOGY4OC0zNDM2M2JjN2M0YzAiOnsiY3JlYXRlIjoxMjAwMDAwMDAwMDAwLCJkZWxldGUiOjEyMDAwMDAwMDAwMDAsInVwZGF0ZSI6MTIwMDAwMDAwMDAwMH19",
          "dependencies": [
            "data.oci_identity_region_subscriptions.this",
            "oci_core_vcn.vcn1",
            "oci_identity_compartment.parent_compartment",
            "oci_identity_compartment.sub_compartment_net"
          ]
        }
      ]
    },
    {
      "mode": "managed",
      "type": "oci_core_internet_gateway",
      "name": "my_internet_gateway",
      "provider": "provider[\"registry.terraform.io/hashicorp/oci\"]",
      "instances": [
        {
          "schema_version": 0,
          "attributes": {
            "compartment_id": "ocid1.compartment.oc1..aaaaaaaaywbwwduk7ftpkl7fkise5hojmdheoh5jozjflwbj4zdcofrgqgga",
            "defined_tags": {
              "Oracle-Tags.CreatedBy": "default/rajesh.madhavarao@eclipsys.ca",
              "Oracle-Tags.CreatedOn": "2025-10-14T21:40:54.718Z"
            },
            "display_name": "ig-mun-yyz-01",
            "enabled": true,
            "freeform_tags": {},
            "id": "ocid1.internetgateway.oc1.ca-toronto-1.aaaaaaaa5dusllncriih7hhtyrdh3khj4w2x53lq4uv4txpxcl4oeumghlta",
            "route_table_id": null,
            "state": "AVAILABLE",
            "time_created": "2025-10-14 21:40:54.747 +0000 UTC",
            "timeouts": null,
            "vcn_id": "ocid1.vcn.oc1.ca-toronto-1.amaaaaaaiahckcya3hbygfs6a3ace6bhjvquhqh7h6vtxzllhm4wwu3fry5a"
          },
          "sensitive_attributes": [],
          "private": "eyJlMmJmYjczMC1lY2FhLTExZTYtOGY4OC0zNDM2M2JjN2M0YzAiOnsiY3JlYXRlIjoxMjAwMDAwMDAwMDAwLCJkZWxldGUiOjEyMDAwMDAwMDAwMDAsInVwZGF0ZSI6MTIwMDAwMDAwMDAwMH19",
          "dependencies": [
            "data.oci_identity_region_subscriptions.this",
            "oci_core_vcn.vcn1",
            "oci_identity_compartment.parent_compartment",
            "oci_identity_compartment.sub_compartment_net"
          ]
        }
      ]
    },
    {
      "mode": "managed",
      "type": "oci_core_nat_gateway",
      "name": "my_nat_gateway",
      "provider": "provider[\"registry.terraform.io/hashicorp/oci\"]",
      "instances": [
        {
          "schema_version": 0,
          "attributes": {
            "block_traffic": false,
            "compartment_id": "ocid1.compartment.oc1..aaaaaaaaywbwwduk7ftpkl7fkise5hojmdheoh5jozjflwbj4zdcofrgqgga",
            "defined_tags": {
              "Oracle-Tags.CreatedBy": "default/rajesh.madhavarao@eclipsys.ca",
              "Oracle-Tags.CreatedOn": "2025-10-14T21:40:54.604Z"
            },
            "display_name": "ng-mun-yyz-01",
            "freeform_tags": {},
            "id": "ocid1.natgateway.oc1.ca-toronto-1.aaaaaaaakvdmwnyhrdotjhemewkt4nbk746o7gzldynhbfc43ywfvfldsdtq",
            "nat_ip": "40.233.70.81",
            "public_ip_id": "ocid1.publicip.oc1.ca-toronto-1.aaaaaaaayw5o5oh7azsj2mj7nwm7j7wcdlk6ruydzoj7ujjo7rtknysizyfa",
            "route_table_id": null,
            "state": "AVAILABLE",
            "time_created": "2025-10-14 21:40:54.777 +0000 UTC",
            "timeouts": null,
            "vcn_id": "ocid1.vcn.oc1.ca-toronto-1.amaaaaaaiahckcya3hbygfs6a3ace6bhjvquhqh7h6vtxzllhm4wwu3fry5a"
          },
          "sensitive_attributes": [],
          "private": "eyJlMmJmYjczMC1lY2FhLTExZTYtOGY4OC0zNDM2M2JjN2M0YzAiOnsiY3JlYXRlIjoxMjAwMDAwMDAwMDAwLCJkZWxldGUiOjEyMDAwMDAwMDAwMDAsInVwZGF0ZSI6MTIwMDAwMDAwMDAwMH19",
          "dependencies": [
            "data.oci_identity_region_subscriptions.this",
            "oci_core_vcn.vcn1",
            "oci_identity_compartment.parent_compartment",
            "oci_identity_compartment.sub_compartment_net"
          ]
        }
      ]
    },
    {
      "mode": "managed",
      "type": "oci_core_route_table",
      "name": "my_route_table",
      "provider": "provider[\"registry.terraform.io/hashicorp/oci\"]",
      "instances": [
        {
          "schema_version": 0,
          "attributes": {
            "compartment_id": "ocid1.compartment.oc1..aaaaaaaaywbwwduk7ftpkl7fkise5hojmdheoh5jozjflwbj4zdcofrgqgga",
            "defined_tags": {
              "Oracle-Tags.CreatedBy": "default/rajesh.madhavarao@eclipsys.ca",
              "Oracle-Tags.CreatedOn": "2025-10-14T21:40:59.631Z"
            },
            "display_name": "rt-priv-subnet-vcn-mun-yyz-01",
            "freeform_tags": {
              "module": "oracle-terraform-modules/vcn/oci",
              "terraformed": "Please do not edit manually"
            },
            "id": "ocid1.routetable.oc1.ca-toronto-1.aaaaaaaawwcflsn2txywa7app7pfcdac7tivffcwzpoylmkpktounif5wxxq",
            "route_rules": [
              {
                "cidr_block": "",
                "description": "",
                "destination": "0.0.0.0/0",
                "destination_type": "CIDR_BLOCK",
                "network_entity_id": "ocid1.natgateway.oc1.ca-toronto-1.aaaaaaaakvdmwnyhrdotjhemewkt4nbk746o7gzldynhbfc43ywfvfldsdtq",
                "route_type": ""
              },
              {
                "cidr_block": "",
                "description": "Terraformed - Auto-generated at Service Gateway creation: All Services in region to Service Gateway",
                "destination": "all-yyz-services-in-oracle-services-network",
                "destination_type": "SERVICE_CIDR_BLOCK",
                "network_entity_id": "ocid1.servicegateway.oc1.ca-toronto-1.aaaaaaaatrmirygxctwfakejupqmwjv42rkkfdtysefnovussenwkyeoh6eq",
                "route_type": ""
              }
            ],
            "state": "AVAILABLE",
            "time_created": "2025-10-14 21:40:59.67 +0000 UTC",
            "timeouts": null,
            "vcn_id": "ocid1.vcn.oc1.ca-toronto-1.amaaaaaaiahckcya3hbygfs6a3ace6bhjvquhqh7h6vtxzllhm4wwu3fry5a"
          },
          "sensitive_attributes": [],
          "private": "eyJlMmJmYjczMC1lY2FhLTExZTYtOGY4OC0zNDM2M2JjN2M0YzAiOnsiY3JlYXRlIjoxMjAwMDAwMDAwMDAwLCJkZWxldGUiOjEyMDAwMDAwMDAwMDAsInVwZGF0ZSI6MTIwMDAwMDAwMDAwMH19",
          "dependencies": [
            "data.oci_core_services.all_oci_services",
            "data.oci_identity_region_subscriptions.this",
            "oci_core_nat_gateway.my_nat_gateway",
            "oci_core_service_gateway.service_gateway",
            "oci_core_vcn.vcn1",
            "oci_identity_compartment.parent_compartment",
            "oci_identity_compartment.sub_compartment_net"
          ]
        }
      ]
    },
    {
      "mode": "managed",
      "type": "oci_core_security_list",
      "name": "my_security_list",
      "provider": "provider[\"registry.terraform.io/hashicorp/oci\"]",
      "instances": [
        {
          "schema_version": 0,
          "attributes": {
            "compartment_id": "ocid1.compartment.oc1..aaaaaaaaywbwwduk7ftpkl7fkise5hojmdheoh5jozjflwbj4zdcofrgqgga",
            "defined_tags": {
              "Oracle-Tags.CreatedBy": "default/rajesh.madhavarao@eclipsys.ca",
              "Oracle-Tags.CreatedOn": "2025-10-14T21:40:54.727Z"
            },
            "display_name": "sl-priv-subnet-vcn-mun-yyz-01",
            "egress_security_rules": [
              {
                "description": "",
                "destination": "0.0.0.0/0",
                "destination_type": "CIDR_BLOCK",
                "icmp_options": [],
                "protocol": "6",
                "stateless": false,
                "tcp_options": [],
                "udp_options": []
              }
            ],
            "freeform_tags": {},
            "id": "ocid1.securitylist.oc1.ca-toronto-1.aaaaaaaawufy6llghzs5l33gjmqne46jrn5ucoy47fv5mm2jrtn6ehwe2k3a",
            "ingress_security_rules": [
              {
                "description": "",
                "icmp_options": [],
                "protocol": "6",
                "source": "172.16.40.0/21",
                "source_type": "CIDR_BLOCK",
                "stateless": false,
                "tcp_options": [
                  {
                    "max": 3389,
                    "min": 3389,
                    "source_port_range": []
                  }
                ],
                "udp_options": []
              },
              {
                "description": "",
                "icmp_options": [],
                "protocol": "6",
                "source": "172.16.40.0/21",
                "source_type": "CIDR_BLOCK",
                "stateless": false,
                "tcp_options": [
                  {
                    "max": 443,
                    "min": 443,
                    "source_port_range": []
                  }
                ],
                "udp_options": []
              },
              {
                "description": "Ingress rule for 1521 from app subnet to db subnet",
                "icmp_options": [],
                "protocol": "6",
                "source": "172.16.44.0/23",
                "source_type": "CIDR_BLOCK",
                "stateless": false,
                "tcp_options": [
                  {
                    "max": 1521,
                    "min": 1521,
                    "source_port_range": []
                  }
                ],
                "udp_options": []
              },
              {
                "description": "Ingress rule for 1521 from db subnet to app subnet",
                "icmp_options": [],
                "protocol": "6",
                "source": "172.16.46.0/23",
                "source_type": "CIDR_BLOCK",
                "stateless": false,
                "tcp_options": [
                  {
                    "max": 1521,
                    "min": 1521,
                    "source_port_range": []
                  }
                ],
                "udp_options": []
              },
              {
                "description": "Ingress rule for ssh from app subnet to db subnet",
                "icmp_options": [],
                "protocol": "6",
                "source": "172.16.44.0/23",
                "source_type": "CIDR_BLOCK",
                "stateless": false,
                "tcp_options": [
                  {
                    "max": 22,
                    "min": 22,
                    "source_port_range": []
                  }
                ],
                "udp_options": []
              },
              {
                "description": "Ingress rule for ssh from db subnet to app subnet",
                "icmp_options": [],
                "protocol": "6",
                "source": "172.16.46.0/23",
                "source_type": "CIDR_BLOCK",
                "stateless": false,
                "tcp_options": [
                  {
                    "max": 22,
                    "min": 22,
                    "source_port_range": []
                  }
                ],
                "udp_options": []
              }
            ],
            "state": "AVAILABLE",
            "time_created": "2025-10-14 21:40:54.753 +0000 UTC",
            "timeouts": null,
            "vcn_id": "ocid1.vcn.oc1.ca-toronto-1.amaaaaaaiahckcya3hbygfs6a3ace6bhjvquhqh7h6vtxzllhm4wwu3fry5a"
          },
          "sensitive_attributes": [],
          "private": "eyJlMmJmYjczMC1lY2FhLTExZTYtOGY4OC0zNDM2M2JjN2M0YzAiOnsiY3JlYXRlIjoxMjAwMDAwMDAwMDAwLCJkZWxldGUiOjEyMDAwMDAwMDAwMDAsInVwZGF0ZSI6MTIwMDAwMDAwMDAwMH19",
          "dependencies": [
            "data.oci_identity_region_subscriptions.this",
            "oci_core_vcn.vcn1",
            "oci_identity_compartment.parent_compartment",
            "oci_identity_compartment.sub_compartment_net"
          ]
        }
      ]
    },
    {
      "mode": "managed",
      "type": "oci_core_service_gateway",
      "name": "service_gateway",
      "provider": "provider[\"registry.terraform.io/hashicorp/oci\"]",
      "instances": [
        {
          "index_key": 0,
          "schema_version": 0,
          "attributes": {
            "block_traffic": false,
            "compartment_id": "ocid1.compartment.oc1..aaaaaaaaywbwwduk7ftpkl7fkise5hojmdheoh5jozjflwbj4zdcofrgqgga",
            "defined_tags": {
              "Oracle-Tags.CreatedBy": "default/rajesh.madhavarao@eclipsys.ca",
              "Oracle-Tags.CreatedOn": "2025-10-14T21:40:54.713Z"
            },
            "display_name": "service-gateway",
            "freeform_tags": {
              "module": "oracle-terraform-modules/vcn/oci",
              "terraformed": "Please do not edit manually"
            },
            "id": "ocid1.servicegateway.oc1.ca-toronto-1.aaaaaaaatrmirygxctwfakejupqmwjv42rkkfdtysefnovussenwkyeoh6eq",
            "route_table_id": null,
            "services": [
              {
                "service_id": "ocid1.service.oc1.ca-toronto-1.aaaaaaaaxwhdaheitj3qvugait3k4cqnqt6d76dlhxl3nv3dof6abuu4xhga",
                "service_name": "All YYZ Services In Oracle Services Network"
              }
            ],
            "state": "AVAILABLE",
            "time_created": "2025-10-14 21:40:57.637 +0000 UTC",
            "timeouts": null,
            "vcn_id": "ocid1.vcn.oc1.ca-toronto-1.amaaaaaaiahckcya3hbygfs6a3ace6bhjvquhqh7h6vtxzllhm4wwu3fry5a"
          },
          "sensitive_attributes": [],
          "private": "eyJlMmJmYjczMC1lY2FhLTExZTYtOGY4OC0zNDM2M2JjN2M0YzAiOnsiY3JlYXRlIjoxMjAwMDAwMDAwMDAwLCJkZWxldGUiOjEyMDAwMDAwMDAwMDAsInVwZGF0ZSI6MTIwMDAwMDAwMDAwMH19",
          "dependencies": [
            "data.oci_core_services.all_oci_services",
            "data.oci_identity_region_subscriptions.this",
            "oci_core_vcn.vcn1",
            "oci_identity_compartment.parent_compartment",
            "oci_identity_compartment.sub_compartment_net"
          ]
        }
      ]
    },
    {
      "mode": "managed",
      "type": "oci_core_subnet",
      "name": "regional_subnet",
      "provider": "provider[\"registry.terraform.io/hashicorp/oci\"]",
      "instances": [
        {
          "schema_version": 0,
          "attributes": {
            "availability_domain": null,
            "cidr_block": "172.16.40.0/22",
            "compartment_id": "ocid1.compartment.oc1..aaaaaaaaywbwwduk7ftpkl7fkise5hojmdheoh5jozjflwbj4zdcofrgqgga",
            "defined_tags": {
              "Oracle-Tags.CreatedBy": "default/rajesh.madhavarao@eclipsys.ca",
              "Oracle-Tags.CreatedOn": "2025-10-14T21:40:54.831Z"
            },
            "dhcp_options_id": "ocid1.dhcpoptions.oc1.ca-toronto-1.aaaaaaaaq6pnc42ijjkqbhkzg4eu45wape42f4o4i5zthvw5lruzyxbuyeha",
            "display_name": "web-subnet-mun-yyz-01",
            "dns_label": "regionalsubnet",
            "freeform_tags": {},
            "id": "ocid1.subnet.oc1.ca-toronto-1.aaaaaaaa6vxv6mckbks5g2qrol4hpvnx6hp2fwfsqeoq3uo67pxqd6bh2aqa",
            "ipv6cidr_block": null,
            "ipv6cidr_blocks": [],
            "ipv6virtual_router_ip": null,
            "prohibit_internet_ingress": false,
            "prohibit_public_ip_on_vnic": false,
            "route_table_id": "ocid1.routetable.oc1.ca-toronto-1.aaaaaaaamww7setnljifecz2ylsmlwl5ekmeyt2lhhterdizi343wckqrwfa",
            "security_list_ids": [
              "ocid1.securitylist.oc1.ca-toronto-1.aaaaaaaayplp5vk2jiaens4fjauigwu7xhpgkx3zy4g5pnsbavkgcw3nrtoq"
            ],
            "state": "AVAILABLE",
            "subnet_domain_name": "regionalsubnet.vcn1.oraclevcn.com",
            "time_created": "2025-10-14 21:40:54.887 +0000 UTC",
            "timeouts": null,
            "vcn_id": "ocid1.vcn.oc1.ca-toronto-1.amaaaaaaiahckcya3hbygfs6a3ace6bhjvquhqh7h6vtxzllhm4wwu3fry5a",
            "virtual_router_ip": "172.16.40.1",
            "virtual_router_mac": "00:00:17:61:9E:4D"
          },
          "sensitive_attributes": [],
          "private": "eyJlMmJmYjczMC1lY2FhLTExZTYtOGY4OC0zNDM2M2JjN2M0YzAiOnsiY3JlYXRlIjoxMjAwMDAwMDAwMDAwLCJkZWxldGUiOjEyMDAwMDAwMDAwMDAsInVwZGF0ZSI6MTIwMDAwMDAwMDAwMH19",
          "dependencies": [
            "data.oci_identity_region_subscriptions.this",
            "oci_core_vcn.vcn1",
            "oci_identity_compartment.parent_compartment",
            "oci_identity_compartment.sub_compartment_net"
          ]
        }
      ]
    },
    {
      "mode": "managed",
      "type": "oci_core_subnet",
      "name": "regional_subnet22",
      "provider": "provider[\"registry.terraform.io/hashicorp/oci\"]",
      "instances": [
        {
          "schema_version": 0,
          "attributes": {
            "availability_domain": null,
            "cidr_block": "172.16.44.0/23",
            "compartment_id": "ocid1.compartment.oc1..aaaaaaaaywbwwduk7ftpkl7fkise5hojmdheoh5jozjflwbj4zdcofrgqgga",
            "defined_tags": {
              "Oracle-Tags.CreatedBy": "default/rajesh.madhavarao@eclipsys.ca",
              "Oracle-Tags.CreatedOn": "2025-10-14T21:41:00.276Z"
            },
            "dhcp_options_id": "ocid1.dhcpoptions.oc1.ca-toronto-1.aaaaaaaaq6pnc42ijjkqbhkzg4eu45wape42f4o4i5zthvw5lruzyxbuyeha",
            "display_name": "app-subnet-mun-yyz-01",
            "dns_label": "regionalsubnet2",
            "freeform_tags": {},
            "id": "ocid1.subnet.oc1.ca-toronto-1.aaaaaaaayxmsrp27ezwezvmowuw337uk4qcvnwhtzyhnlln3akifpem42qeq",
            "ipv6cidr_block": null,
            "ipv6cidr_blocks": [],
            "ipv6virtual_router_ip": null,
            "prohibit_internet_ingress": true,
            "prohibit_public_ip_on_vnic": true,
            "route_table_id": "ocid1.routetable.oc1.ca-toronto-1.aaaaaaaawwcflsn2txywa7app7pfcdac7tivffcwzpoylmkpktounif5wxxq",
            "security_list_ids": [
              "ocid1.securitylist.oc1.ca-toronto-1.aaaaaaaawufy6llghzs5l33gjmqne46jrn5ucoy47fv5mm2jrtn6ehwe2k3a"
            ],
            "state": "AVAILABLE",
            "subnet_domain_name": "regionalsubnet2.vcn1.oraclevcn.com",
            "time_created": "2025-10-14 21:41:00.571 +0000 UTC",
            "timeouts": null,
            "vcn_id": "ocid1.vcn.oc1.ca-toronto-1.amaaaaaaiahckcya3hbygfs6a3ace6bhjvquhqh7h6vtxzllhm4wwu3fry5a",
            "virtual_router_ip": "172.16.44.1",
            "virtual_router_mac": "00:00:17:61:9E:4D"
          },
          "sensitive_attributes": [],
          "private": "eyJlMmJmYjczMC1lY2FhLTExZTYtOGY4OC0zNDM2M2JjN2M0YzAiOnsiY3JlYXRlIjoxMjAwMDAwMDAwMDAwLCJkZWxldGUiOjEyMDAwMDAwMDAwMDAsInVwZGF0ZSI6MTIwMDAwMDAwMDAwMH19",
          "dependencies": [
            "data.oci_core_services.all_oci_services",
            "data.oci_identity_region_subscriptions.this",
            "oci_core_nat_gateway.my_nat_gateway",
            "oci_core_route_table.my_route_table",
            "oci_core_security_list.my_security_list",
            "oci_core_service_gateway.service_gateway",
            "oci_core_vcn.vcn1",
            "oci_identity_compartment.parent_compartment",
            "oci_identity_compartment.sub_compartment_net"
          ]
        }
      ]
    },
    {
      "mode": "managed",
      "type": "oci_core_subnet",
      "name": "regional_subnet23",
      "provider": "provider[\"registry.terraform.io/hashicorp/oci\"]",
      "instances": [
        {
          "schema_version": 0,
          "attributes": {
            "availability_domain": null,
            "cidr_block": "172.16.46.0/23",
            "compartment_id": "ocid1.compartment.oc1..aaaaaaaaywbwwduk7ftpkl7fkise5hojmdheoh5jozjflwbj4zdcofrgqgga",
            "defined_tags": {
              "Oracle-Tags.CreatedBy": "default/rajesh.madhavarao@eclipsys.ca",
              "Oracle-Tags.CreatedOn": "2025-10-14T21:41:00.242Z"
            },
            "dhcp_options_id": "ocid1.dhcpoptions.oc1.ca-toronto-1.aaaaaaaaq6pnc42ijjkqbhkzg4eu45wape42f4o4i5zthvw5lruzyxbuyeha",
            "display_name": "db-subnet-mun-yyz-01",
            "dns_label": "regionalsubnet3",
            "freeform_tags": {},
            "id": "ocid1.subnet.oc1.ca-toronto-1.aaaaaaaap3jfeysb2pr5jxfgodiqie6gkzdz6s7jyai7o73vnltjmv6lejia",
            "ipv6cidr_block": null,
            "ipv6cidr_blocks": [],
            "ipv6virtual_router_ip": null,
            "prohibit_internet_ingress": true,
            "prohibit_public_ip_on_vnic": true,
            "route_table_id": "ocid1.routetable.oc1.ca-toronto-1.aaaaaaaawwcflsn2txywa7app7pfcdac7tivffcwzpoylmkpktounif5wxxq",
            "security_list_ids": [
              "ocid1.securitylist.oc1.ca-toronto-1.aaaaaaaawufy6llghzs5l33gjmqne46jrn5ucoy47fv5mm2jrtn6ehwe2k3a"
            ],
            "state": "AVAILABLE",
            "subnet_domain_name": "regionalsubnet3.vcn1.oraclevcn.com",
            "time_created": "2025-10-14 21:41:00.283 +0000 UTC",
            "timeouts": null,
            "vcn_id": "ocid1.vcn.oc1.ca-toronto-1.amaaaaaaiahckcya3hbygfs6a3ace6bhjvquhqh7h6vtxzllhm4wwu3fry5a",
            "virtual_router_ip": "172.16.46.1",
            "virtual_router_mac": "00:00:17:61:9E:4D"
          },
          "sensitive_attributes": [],
          "private": "eyJlMmJmYjczMC1lY2FhLTExZTYtOGY4OC0zNDM2M2JjN2M0YzAiOnsiY3JlYXRlIjoxMjAwMDAwMDAwMDAwLCJkZWxldGUiOjEyMDAwMDAwMDAwMDAsInVwZGF0ZSI6MTIwMDAwMDAwMDAwMH19",
          "dependencies": [
            "data.oci_core_services.all_oci_services",
            "data.oci_identity_region_subscriptions.this",
            "oci_core_nat_gateway.my_nat_gateway",
            "oci_core_route_table.my_route_table",
            "oci_core_security_list.my_security_list",
            "oci_core_service_gateway.service_gateway",
            "oci_core_vcn.vcn1",
            "oci_identity_compartment.parent_compartment",
            "oci_identity_compartment.sub_compartment_net"
          ]
        }
      ]
    },
    {
      "mode": "managed",
      "type": "oci_core_vcn",
      "name": "vcn1",
      "provider": "provider[\"registry.terraform.io/hashicorp/oci\"]",
      "instances": [
        {
          "schema_version": 0,
          "attributes": {
            "byoipv6cidr_blocks": [],
            "byoipv6cidr_details": [],
            "cidr_block": "172.16.40.0/21",
            "cidr_blocks": [
              "172.16.40.0/21"
            ],
            "compartment_id": "ocid1.compartment.oc1..aaaaaaaaywbwwduk7ftpkl7fkise5hojmdheoh5jozjflwbj4zdcofrgqgga",
            "default_dhcp_options_id": "ocid1.dhcpoptions.oc1.ca-toronto-1.aaaaaaaaq6pnc42ijjkqbhkzg4eu45wape42f4o4i5zthvw5lruzyxbuyeha",
            "default_route_table_id": "ocid1.routetable.oc1.ca-toronto-1.aaaaaaaamww7setnljifecz2ylsmlwl5ekmeyt2lhhterdizi343wckqrwfa",
            "default_security_list_id": "ocid1.securitylist.oc1.ca-toronto-1.aaaaaaaayplp5vk2jiaens4fjauigwu7xhpgkx3zy4g5pnsbavkgcw3nrtoq",
            "defined_tags": {
              "Oracle-Tags.CreatedBy": "default/rajesh.madhavarao@eclipsys.ca",
              "Oracle-Tags.CreatedOn": "2025-10-14T21:40:53.922Z"
            },
            "display_name": "vcn-mun-yyz-01",
            "dns_label": "vcn1",
            "freeform_tags": {},
            "id": "ocid1.vcn.oc1.ca-toronto-1.amaaaaaaiahckcya3hbygfs6a3ace6bhjvquhqh7h6vtxzllhm4wwu3fry5a",
            "ipv6cidr_blocks": [],
            "ipv6private_cidr_blocks": [],
            "is_ipv6enabled": false,
            "is_oracle_gua_allocation_enabled": null,
            "security_attributes": {},
            "state": "AVAILABLE",
            "time_created": "2025-10-14 21:40:53.973 +0000 UTC",
            "timeouts": null,
            "vcn_domain_name": "vcn1.oraclevcn.com"
          },
          "sensitive_attributes": [],
          "private": "eyJlMmJmYjczMC1lY2FhLTExZTYtOGY4OC0zNDM2M2JjN2M0YzAiOnsiY3JlYXRlIjoxMjAwMDAwMDAwMDAwLCJkZWxldGUiOjEyMDAwMDAwMDAwMDAsInVwZGF0ZSI6MTIwMDAwMDAwMDAwMH19",
          "dependencies": [
            "data.oci_identity_region_subscriptions.this",
            "oci_identity_compartment.parent_compartment",
            "oci_identity_compartment.sub_compartment_net"
          ]
        }
      ]
    },
    {
      "mode": "managed",
      "type": "oci_database_db_system",
      "name": "my_db_system",
      "provider": "provider[\"registry.terraform.io/hashicorp/oci\"]",
      "instances": [
        {
          "schema_version": 0,
          "attributes": {
            "availability_domain": "oiuX:CA-TORONTO-1-AD-1",
            "backup_network_nsg_ids": null,
            "backup_subnet_id": null,
            "cluster_name": null,
            "compartment_id": "ocid1.compartment.oc1..aaaaaaaaivirh4nc7i24rcn7jagmfqbau6s56ex5g5ksdkuzmlekk5q5qfnq",
            "cpu_core_count": 2,
            "data_collection_options": [
              {
                "is_diagnostics_events_enabled": false,
                "is_health_monitoring_enabled": false,
                "is_incident_logs_enabled": false
              }
            ],
            "data_storage_percentage": 80,
            "data_storage_size_in_gb": 1024,
            "database_edition": "STANDARD_EDITION",
            "db_home": [
              {
                "create_async": false,
                "database": [
                  {
                    "admin_password": "iribvgbxR#7G#B7",
                    "backup_id": "",
                    "backup_tde_password": "",
                    "character_set": "AL32UTF8",
                    "connection_strings": [
                      {
                        "all_connection_strings": {
                          "cdbDefault": "dbmun.regionalsubnet3.vcn1.oraclevcn.com:1521/muncdb_3xq_yyz.regionalsubnet3.vcn1.oraclevcn.com",
                          "cdbIpDefault": "(DESCRIPTION=(CONNECT_TIMEOUT=5)(TRANSPORT_CONNECT_TIMEOUT=3)(RETRY_COUNT=3)(ADDRESS_LIST=(LOAD_BALANCE=on)(ADDRESS=(PROTOCOL=TCP)(HOST=172.16.46.225)(PORT=1521)))(CONNECT_DATA=(SERVICE_NAME=muncdb_3xq_yyz.regionalsubnet3.vcn1.oraclevcn.com)))"
                        },
                        "cdb_default": "dbmun.regionalsubnet3.vcn1.oraclevcn.com:1521/muncdb_3xq_yyz.regionalsubnet3.vcn1.oraclevcn.com",
                        "cdb_ip_default": "(DESCRIPTION=(CONNECT_TIMEOUT=5)(TRANSPORT_CONNECT_TIMEOUT=3)(RETRY_COUNT=3)(ADDRESS_LIST=(LOAD_BALANCE=on)(ADDRESS=(PROTOCOL=TCP)(HOST=172.16.46.225)(PORT=1521)))(CONNECT_DATA=(SERVICE_NAME=muncdb_3xq_yyz.regionalsubnet3.vcn1.oraclevcn.com)))"
                      }
                    ],
                    "database_id": "",
                    "database_software_image_id": "",
                    "db_backup_config": [
                      {
                        "auto_backup_enabled": true,
                        "auto_backup_window": "SLOT_TWELVE",
                        "auto_full_backup_day": "SUNDAY",
                        "auto_full_backup_window": "SLOT_TWELVE",
                        "backup_deletion_policy": "DELETE_AFTER_RETENTION_PERIOD",
                        "backup_destination_details": [
                          {
                            "dbrs_policy_id": "",
                            "id": "",
                            "type": "OBJECT_STORE"
                          }
                        ],
                        "recovery_window_in_days": 30,
                        "run_immediate_full_backup": true
                      }
                    ],
                    "db_domain": "",
                    "db_name": "muncdb",
                    "db_unique_name": "muncdb_3xq_yyz",
                    "db_workload": "OLTP",
                    "defined_tags": {
                      "Oracle-Tags.CreatedBy": "default/rajesh.madhavarao@eclipsys.ca",
                      "Oracle-Tags.CreatedOn": "2025-10-14T23:22:37.727Z"
                    },
                    "freeform_tags": {},
                    "id": "ocid1.database.oc1.ca-toronto-1.an2g6ljriahckcyak6hdduuezfunec3mhp3echsl72frgfcdfjvxdi2s46eq",
                    "kms_key_id": "",
                    "kms_key_version_id": "",
                    "lifecycle_details": "",
                    "ncharacter_set": "AL16UTF16",
                    "pdb_name": "test",
                    "pluggable_databases": [],
                    "state": "AVAILABLE",
                    "tde_wallet_password": "",
                    "time_created": "2025-10-14 23:22:37.96 +0000 UTC",
                    "time_stamp_for_point_in_time_recovery": "",
                    "vault_id": ""
                  }
                ],
                "database_software_image_id": "",
                "db_home_location": "/u01/app/oracle/product/19.0.0.0/dbhome_1",
                "db_version": "19.28.0.0.0",
                "defined_tags": {},
                "display_name": "dbhome20251014232237",
                "freeform_tags": {},
                "id": "ocid1.dbhome.oc1.ca-toronto-1.an2g6ljryoqodzqa7w5qy5gpsqlo5pcikaojxw5zofdtojlj6nlq5tdu3z5a",
                "last_patch_history_entry_id": "",
                "lifecycle_details": "",
                "state": "AVAILABLE",
                "time_created": "2025-10-14 23:22:37.936 +0000 UTC"
              }
            ],
            "db_system_options": [
              {
                "storage_management": "ASM"
              }
            ],
            "defined_tags": {
              "Oracle-Tags.CreatedBy": "default/rajesh.madhavarao@eclipsys.ca",
              "Oracle-Tags.CreatedOn": "2025-10-14T23:22:37.613Z"
            },
            "disk_redundancy": "HIGH",
            "display_name": "db-mun-yyz-01",
            "domain": "regionalsubnet3.vcn1.oraclevcn.com",
            "fault_domains": [
              "FAULT-DOMAIN-1"
            ],
            "freeform_tags": {},
            "hostname": "dbmun",
            "id": "ocid1.dbsystem.oc1.ca-toronto-1.an2g6ljriahckcyarxil3crzyruo7ls4tbbkk4sa52qesm76ce3a62wdurxa",
            "iorm_config_cache": [],
            "kms_key_id": null,
            "kms_key_version_id": null,
            "last_maintenance_run_id": null,
            "last_patch_history_entry_id": null,
            "license_model": "LICENSE_INCLUDED",
            "lifecycle_details": null,
            "listener_port": 1521,
            "maintenance_window": [],
            "maintenance_window_details": [],
            "memory_size_in_gbs": 32,
            "next_maintenance_run_id": null,
            "node_count": 1,
            "nsg_ids": null,
            "os_version": "8.8",
            "point_in_time_data_disk_clone_timestamp": null,
            "private_ip": null,
            "reco_storage_size_in_gb": 512,
            "scan_dns_name": "dbmun-scan.regionalsubnet3.vcn1.oraclevcn.com",
            "scan_dns_record_id": "ocid1.vcndnsrecord.oc1.ca-toronto-1.ab2g6ljr74mt7r3mkjddjbvc4hinaug2vifizqjmu2u6mkoivwwo3whnahiq",
            "scan_ip_ids": [],
            "shape": "VM.Standard.E4.Flex",
            "source": "NONE",
            "source_db_system_id": null,
            "sparse_diskgroup": null,
            "ssh_public_keys": [
              "ssh-rsa AAAAB3NzaC1yc2EAAAADAQABAAABAQCwiMVgyN8Z7uFEDRzNoXR/RTkYhuNTWzg7AfjbPez6mx/qrdbjhePy7THqh44RvEVZC0LICJZJ03XQmky5WO401vDrorOPsow9s9Kh4qHvrFTZ/n48s0IC1oroqSg4WHs3UBsc8r/YBzkO1tN5JxVmAm/wQMwYefW3FvS+dEjnxciW7xLR2Ex+Sg1NDh9mi47r8JBW2z8/qVTtNbHT+FSbW6mQg45HtX3gspiSzsoV308lJr89Kc2qors5XQ1mHcVEkpKg4lCMLrOA6qjyWHXO0yetj9t0yvaBE3KXcdVBUCYCi0o0FlNi8E+NWyPyGAjhsRcPNdhM1ZXCcmOGoJLT Rajesh.Madhavarao@Eclipsyss-MacBook-Pro.local\n"
            ],
            "state": "AVAILABLE",
            "storage_volume_performance_mode": "HIGH_PERFORMANCE",
            "subnet_id": "ocid1.subnet.oc1.ca-toronto-1.aaaaaaaap3jfeysb2pr5jxfgodiqie6gkzdz6s7jyai7o73vnltjmv6lejia",
            "time_created": "2025-10-14 23:22:37.915 +0000 UTC",
            "time_zone": "America/St_Johns",
            "timeouts": null,
            "version": "19.28.0.0.0",
            "vip_ids": [],
            "zone_id": "ocid1.dns-zone.oc1.ca-toronto-1.aaaaaaaaahgmfaoq4nuvvptv5neds7iormwrcczq6enfne7mntckc64dloba"
          },
          "sensitive_attributes": [
            [
              {
                "type": "get_attr",
                "value": "db_home"
              },
              {
                "type": "index",
                "value": {
                  "value": 0,
                  "type": "number"
                }
              },
              {
                "type": "get_attr",
                "value": "database"
              },
              {
                "type": "index",
                "value": {
                  "value": 0,
                  "type": "number"
                }
              },
              {
                "type": "get_attr",
                "value": "admin_password"
              }
            ]
          ],
          "private": "eyJlMmJmYjczMC1lY2FhLTExZTYtOGY4OC0zNDM2M2JjN2M0YzAiOnsiY3JlYXRlIjo3MjAwMDAwMDAwMDAwLCJkZWxldGUiOjcyMDAwMDAwMDAwMDAsInVwZGF0ZSI6NzIwMDAwMDAwMDAwMH19",
          "dependencies": [
            "data.oci_identity_availability_domains.ads",
            "data.oci_identity_region_subscriptions.this",
            "oci_core_subnet.regional_subnet23",
            "oci_identity_compartment.sub_compartments_db"
          ]
        }
      ]
    },
    {
      "mode": "managed",
      "type": "oci_identity_compartment",
      "name": "parent_compartment",
      "provider": "provider[\"registry.terraform.io/hashicorp/oci\"]",
      "instances": [
        {
          "schema_version": 0,
          "attributes": {
            "compartment_id": "ocid1.compartment.oc1..aaaaaaaatvgwoxshgt5d4vtbpinzghbcf6jmczes6qjsf5xgrjbzauwyut6a",
            "defined_tags": {
              "Oracle-Tags.CreatedBy": "default/rajesh.madhavarao@eclipsys.ca",
              "Oracle-Tags.CreatedOn": "2025-10-14T21:40:35.584Z"
            },
            "description": "Compartment for Terraform resources.",
            "enable_delete": null,
            "freeform_tags": {},
            "id": "ocid1.compartment.oc1..aaaaaaaazq4hvjipxxx33u2xrx7pdddyhe3ecnsixofijuu6quctdoodpxna",
            "inactive_state": null,
            "is_accessible": true,
            "name": "comp-mun-yyz-01",
            "state": "ACTIVE",
            "time_created": "2025-10-14 21:40:35.61 +0000 UTC",
            "timeouts": null
          },
          "sensitive_attributes": [],
          "private": "eyJlMmJmYjczMC1lY2FhLTExZTYtOGY4OC0zNDM2M2JjN2M0YzAiOnsiZGVsZXRlIjo1NDAwMDAwMDAwMDAwfX0=",
          "dependencies": [
            "data.oci_identity_region_subscriptions.this"
          ]
        }
      ]
    },
    {
      "mode": "managed",
      "type": "oci_identity_compartment",
      "name": "sub_compartment_app",
      "provider": "provider[\"registry.terraform.io/hashicorp/oci\"]",
      "instances": [
        {
          "schema_version": 0,
          "attributes": {
            "compartment_id": "ocid1.compartment.oc1..aaaaaaaazq4hvjipxxx33u2xrx7pdddyhe3ecnsixofijuu6quctdoodpxna",
            "defined_tags": {
              "Oracle-Tags.CreatedBy": "default/rajesh.madhavarao@eclipsys.ca",
              "Oracle-Tags.CreatedOn": "2025-10-14T21:40:42.470Z"
            },
            "description": "Compartment for Terraform resources.",
            "enable_delete": null,
            "freeform_tags": {},
            "id": "ocid1.compartment.oc1..aaaaaaaatxrwymgt72b6wwzv2j57pnuzv52dfbnbzp2usbogqtiov7bzrwka",
            "inactive_state": null,
            "is_accessible": true,
            "name": "comp-application-mun-yyz-01",
            "state": "ACTIVE",
            "time_created": "2025-10-14 21:40:42.853 +0000 UTC",
            "timeouts": null
          },
          "sensitive_attributes": [],
          "private": "eyJlMmJmYjczMC1lY2FhLTExZTYtOGY4OC0zNDM2M2JjN2M0YzAiOnsiZGVsZXRlIjo1NDAwMDAwMDAwMDAwfX0=",
          "dependencies": [
            "data.oci_identity_region_subscriptions.this",
            "oci_identity_compartment.parent_compartment"
          ]
        }
      ]
    },
    {
      "mode": "managed",
      "type": "oci_identity_compartment",
      "name": "sub_compartment_net",
      "provider": "provider[\"registry.terraform.io/hashicorp/oci\"]",
      "instances": [
        {
          "schema_version": 0,
          "attributes": {
            "compartment_id": "ocid1.compartment.oc1..aaaaaaaazq4hvjipxxx33u2xrx7pdddyhe3ecnsixofijuu6quctdoodpxna",
            "defined_tags": {
              "Oracle-Tags.CreatedBy": "default/rajesh.madhavarao@eclipsys.ca",
              "Oracle-Tags.CreatedOn": "2025-10-14T21:40:42.396Z"
            },
            "description": "Compartment for Terraform resources.",
            "enable_delete": null,
            "freeform_tags": {},
            "id": "ocid1.compartment.oc1..aaaaaaaaywbwwduk7ftpkl7fkise5hojmdheoh5jozjflwbj4zdcofrgqgga",
            "inactive_state": null,
            "is_accessible": true,
            "name": "comp-network-mun-yyz-01",
            "state": "ACTIVE",
            "time_created": "2025-10-14 21:40:43.833 +0000 UTC",
            "timeouts": null
          },
          "sensitive_attributes": [],
          "private": "eyJlMmJmYjczMC1lY2FhLTExZTYtOGY4OC0zNDM2M2JjN2M0YzAiOnsiZGVsZXRlIjo1NDAwMDAwMDAwMDAwfX0=",
          "dependencies": [
            "data.oci_identity_region_subscriptions.this",
            "oci_identity_compartment.parent_compartment"
          ]
        }
      ]
    },
    {
      "mode": "managed",
      "type": "oci_identity_compartment",
      "name": "sub_compartment_sec",
      "provider": "provider[\"registry.terraform.io/hashicorp/oci\"]",
      "instances": [
        {
          "schema_version": 0,
          "attributes": {
            "compartment_id": "ocid1.compartment.oc1..aaaaaaaazq4hvjipxxx33u2xrx7pdddyhe3ecnsixofijuu6quctdoodpxna",
            "defined_tags": {
              "Oracle-Tags.CreatedBy": "default/rajesh.madhavarao@eclipsys.ca",
              "Oracle-Tags.CreatedOn": "2025-10-14T21:40:42.466Z"
            },
            "description": "Compartment for Terraform resources.",
            "enable_delete": null,
            "freeform_tags": {},
            "id": "ocid1.compartment.oc1..aaaaaaaavp54k6ghmidqhrmerdhyhnv4n5yca2hsqmdinmbobiexybyvweuq",
            "inactive_state": null,
            "is_accessible": true,
            "name": "comp-security-mun-yyz-01",
            "state": "ACTIVE",
            "time_created": "2025-10-14 21:40:43.307 +0000 UTC",
            "timeouts": null
          },
          "sensitive_attributes": [],
          "private": "eyJlMmJmYjczMC1lY2FhLTExZTYtOGY4OC0zNDM2M2JjN2M0YzAiOnsiZGVsZXRlIjo1NDAwMDAwMDAwMDAwfX0=",
          "dependencies": [
            "data.oci_identity_region_subscriptions.this",
            "oci_identity_compartment.parent_compartment"
          ]
        }
      ]
    },
    {
      "mode": "managed",
      "type": "oci_identity_compartment",
      "name": "sub_compartments_db",
      "provider": "provider[\"registry.terraform.io/hashicorp/oci\"]",
      "instances": [
        {
          "schema_version": 0,
          "attributes": {
            "compartment_id": "ocid1.compartment.oc1..aaaaaaaazq4hvjipxxx33u2xrx7pdddyhe3ecnsixofijuu6quctdoodpxna",
            "defined_tags": {
              "Oracle-Tags.CreatedBy": "default/rajesh.madhavarao@eclipsys.ca",
              "Oracle-Tags.CreatedOn": "2025-10-14T21:40:42.458Z"
            },
            "description": "Compartment for Terraform resources.",
            "enable_delete": null,
            "freeform_tags": {},
            "id": "ocid1.compartment.oc1..aaaaaaaaivirh4nc7i24rcn7jagmfqbau6s56ex5g5ksdkuzmlekk5q5qfnq",
            "inactive_state": null,
            "is_accessible": true,
            "name": "comp-database-mun-yyz-01",
            "state": "ACTIVE",
            "time_created": "2025-10-14 21:40:42.527 +0000 UTC",
            "timeouts": null
          },
          "sensitive_attributes": [],
          "private": "eyJlMmJmYjczMC1lY2FhLTExZTYtOGY4OC0zNDM2M2JjN2M0YzAiOnsiZGVsZXRlIjo1NDAwMDAwMDAwMDAwfX0=",
          "dependencies": [
            "data.oci_identity_region_subscriptions.this",
            "oci_identity_compartment.parent_compartment"
          ]
        }
      ]
    }
  ],
  "check_results": null
}
